// !$*UTF8*$!
{
	archiveVersion = 1;
	classes = {
	};
	objectVersion = 46;
	objects = {

/* Begin PBXBuildFile section */
		00E356F31AD99517003FC87E /* LiskTests.m in Sources */ = {isa = PBXBuildFile; fileRef = 00E356F21AD99517003FC87E /* LiskTests.m */; };
		0E83377E0F2F4D33BB3CE949 /* icomoon.ttf in Resources */ = {isa = PBXBuildFile; fileRef = BB865073FACB4AEEB229A6FF /* icomoon.ttf */; };
		13B07FBC1A68108700A75B9A /* AppDelegate.m in Sources */ = {isa = PBXBuildFile; fileRef = 13B07FB01A68108700A75B9A /* AppDelegate.m */; };
		13B07FBD1A68108700A75B9A /* LaunchScreen.xib in Resources */ = {isa = PBXBuildFile; fileRef = 13B07FB11A68108700A75B9A /* LaunchScreen.xib */; };
		13B07FBF1A68108700A75B9A /* Images.xcassets in Resources */ = {isa = PBXBuildFile; fileRef = 13B07FB51A68108700A75B9A /* Images.xcassets */; };
		13B07FC11A68108700A75B9A /* main.m in Sources */ = {isa = PBXBuildFile; fileRef = 13B07FB71A68108700A75B9A /* main.m */; };
		24923F5215CC4CEEA6FD5173 /* OpenSans-Semibold.ttf in Resources */ = {isa = PBXBuildFile; fileRef = 914CE4F17323482BB575BEB0 /* OpenSans-Semibold.ttf */; };
		2B119D188B304021100CE7C8 /* libPods-LiskMessageExtension.a in Frameworks */ = {isa = PBXBuildFile; fileRef = DD4052BF0AB4984C82EB4D6F /* libPods-LiskMessageExtension.a */; };
		3394A82321F1DFC0009CF136 /* icomoon.ttf in Resources */ = {isa = PBXBuildFile; fileRef = BB865073FACB4AEEB229A6FF /* icomoon.ttf */; };
		3394A82521F1F8CE009CF136 /* OpenSans-Regular.ttf in Resources */ = {isa = PBXBuildFile; fileRef = DB0A706947854FE8A1F9096C /* OpenSans-Regular.ttf */; };
		3394A82621F1F8D5009CF136 /* Gilroy-Bold.ttf in Resources */ = {isa = PBXBuildFile; fileRef = 01DC4E2DAFCC41C18565728D /* Gilroy-Bold.ttf */; };
		3394A82721F1F8E0009CF136 /* OpenSans-Bold.ttf in Resources */ = {isa = PBXBuildFile; fileRef = DF764AA4CD8E4399980B73AC /* OpenSans-Bold.ttf */; };
		426CF278ABDA4231AE32D163 /* Gilroy-Bold.ttf in Resources */ = {isa = PBXBuildFile; fileRef = 01DC4E2DAFCC41C18565728D /* Gilroy-Bold.ttf */; };
		4F7FDDEC2B3F43659A347587 /* Dots-Regular.ttf in Resources */ = {isa = PBXBuildFile; fileRef = 4E1B4DCBCC0842B2986B9E14 /* Dots-Regular.ttf */; };
		5B10E3DD70F07012B807659A /* libPods-LiskTests.a in Frameworks */ = {isa = PBXBuildFile; fileRef = 8D5F9AA4B0A7328423B1E794 /* libPods-LiskTests.a */; };
		640C7FCF1C5DD913AC5334A9 /* libPods-Lisk.a in Frameworks */ = {isa = PBXBuildFile; fileRef = 504EDBE3571162F02F8D2B01 /* libPods-Lisk.a */; };
		7FBFE3D07A8E4244A5B3A4E9 /* OpenSans-Bold.ttf in Resources */ = {isa = PBXBuildFile; fileRef = DF764AA4CD8E4399980B73AC /* OpenSans-Bold.ttf */; };
		921411B12387F305006D77B4 /* Bridge.swift in Sources */ = {isa = PBXBuildFile; fileRef = 921411B02387F305006D77B4 /* Bridge.swift */; };
		921411B32387F305006D77B4 /* Bridge.swift in Sources */ = {isa = PBXBuildFile; fileRef = 921411B02387F305006D77B4 /* Bridge.swift */; };
		921411D623882D18006D77B4 /* LiskMessageExtension.appex in Embed App Extensions */ = {isa = PBXBuildFile; fileRef = AC7A832121EF4BDB004502E4 /* LiskMessageExtension.appex */; settings = {ATTRIBUTES = (RemoveHeadersOnCopy, ); }; };
		9F623AB73FF646D1911425A5 /* PTMono-Regular.ttf in Resources */ = {isa = PBXBuildFile; fileRef = 4C51D72C0FAD40BFA9898B8F /* PTMono-Regular.ttf */; };
		A3888254AEAE473F866E4C71 /* OpenSans-Regular.ttf in Resources */ = {isa = PBXBuildFile; fileRef = DB0A706947854FE8A1F9096C /* OpenSans-Regular.ttf */; };
		AC016ADD22783FB200E61127 /* BasierCircle-Bold.otf in Resources */ = {isa = PBXBuildFile; fileRef = 1F91E410A1784A80B3833C2F /* BasierCircle-Bold.otf */; };
		AC016ADE22783FB200E61127 /* BasierCircle-Regular.otf in Resources */ = {isa = PBXBuildFile; fileRef = F757DDBDDE3E44FF90CA5133 /* BasierCircle-Regular.otf */; };
		AC016ADF22783FB200E61127 /* BasierCircle-SemiBold.otf in Resources */ = {isa = PBXBuildFile; fileRef = 5F1A340F00CE46A28CE69805 /* BasierCircle-SemiBold.otf */; };
		AC4B3F8B21F602A000BDDF7B /* LaunchScreen.xib in Resources */ = {isa = PBXBuildFile; fileRef = AC4B3F8A21F602A000BDDF7B /* LaunchScreen.xib */; };
		AC7A832621EF4BDB004502E4 /* MessagesViewController.swift in Sources */ = {isa = PBXBuildFile; fileRef = AC7A832521EF4BDB004502E4 /* MessagesViewController.swift */; };
		AC7A832921EF4BDB004502E4 /* MainInterface.storyboard in Resources */ = {isa = PBXBuildFile; fileRef = AC7A832721EF4BDB004502E4 /* MainInterface.storyboard */; };
		AC7A832B21EF4BDC004502E4 /* Assets.xcassets in Resources */ = {isa = PBXBuildFile; fileRef = AC7A832A21EF4BDC004502E4 /* Assets.xcassets */; };
		AC8EAD8C2271A48F00C0B5D2 /* OpenSans-Semibold.ttf in Resources */ = {isa = PBXBuildFile; fileRef = 914CE4F17323482BB575BEB0 /* OpenSans-Semibold.ttf */; };
		ACFD52F321EF78B400A39ABE /* MessagesManager.swift in Sources */ = {isa = PBXBuildFile; fileRef = ACFD52F221EF78B400A39ABE /* MessagesManager.swift */; };
		ACFD52F521EF79A500A39ABE /* MessagesManager.m in Sources */ = {isa = PBXBuildFile; fileRef = ACFD52F421EF79A500A39ABE /* MessagesManager.m */; };
		ACFD52F721EF857E00A39ABE /* RNModuleInitialiser.swift in Sources */ = {isa = PBXBuildFile; fileRef = ACFD52F621EF857E00A39ABE /* RNModuleInitialiser.swift */; };
		ACFD537E21F089C900A39ABE /* MessagesManagerMappers.swift in Sources */ = {isa = PBXBuildFile; fileRef = ACFD537D21F089C900A39ABE /* MessagesManagerMappers.swift */; };
		ACFD538021F0A8FD00A39ABE /* MessagesManagerEvents.swift in Sources */ = {isa = PBXBuildFile; fileRef = ACFD537F21F0A8FD00A39ABE /* MessagesManagerEvents.swift */; };
		ACFD538221F0B10500A39ABE /* MessagesManager+MessagesViewControllerDelegate.swift in Sources */ = {isa = PBXBuildFile; fileRef = ACFD538121F0B10500A39ABE /* MessagesManager+MessagesViewControllerDelegate.swift */; };
		B5BC131897364E8D86D1F42A /* BasierCircle-Regular.otf in Resources */ = {isa = PBXBuildFile; fileRef = F757DDBDDE3E44FF90CA5133 /* BasierCircle-Regular.otf */; };
		C04DF4E469D84CC1A062C1F8 /* BasierCircle-Bold.otf in Resources */ = {isa = PBXBuildFile; fileRef = 1F91E410A1784A80B3833C2F /* BasierCircle-Bold.otf */; };
		D899C1D561774F7C96BB1191 /* BasierCircle-SemiBold.otf in Resources */ = {isa = PBXBuildFile; fileRef = 5F1A340F00CE46A28CE69805 /* BasierCircle-SemiBold.otf */; };
/* End PBXBuildFile section */

/* Begin PBXContainerItemProxy section */
		00E356F41AD99517003FC87E /* PBXContainerItemProxy */ = {
			isa = PBXContainerItemProxy;
			containerPortal = 83CBB9F71A601CBA00E9B192 /* Project object */;
			proxyType = 1;
			remoteGlobalIDString = 13B07F861A680F5B00A75B9A;
			remoteInfo = Lisk;
		};
		339AC00E23057E4D009A4B94 /* PBXContainerItemProxy */ = {
			isa = PBXContainerItemProxy;
			containerPortal = 4B3CD568314C40F799A5781E /* Interactable.xcodeproj */;
			proxyType = 2;
			remoteGlobalIDString = CC0127971E3ACC3900B23C9F;
			remoteInfo = Interactable;
		};
		339AC01C23057E4D009A4B94 /* PBXContainerItemProxy */ = {
			isa = PBXContainerItemProxy;
			containerPortal = 87DE9DE1D833458F857D0C90 /* RCTCustomInputController.xcodeproj */;
			proxyType = 2;
			remoteGlobalIDString = 39DF4FE71E00394E00F5B4B2;
			remoteInfo = RCTCustomInputController;
		};
		9001FED823181F6E00DBC81D /* PBXContainerItemProxy */ = {
			isa = PBXContainerItemProxy;
			containerPortal = 3A7B1E37D72F4DBDAAA71A0F /* RCTCustomInputController.xcodeproj */;
			proxyType = 2;
			remoteGlobalIDString = 39DF4FE71E00394E00F5B4B2;
			remoteInfo = RCTCustomInputController;
		};
		921411D723882D27006D77B4 /* PBXContainerItemProxy */ = {
			isa = PBXContainerItemProxy;
			containerPortal = 83CBB9F71A601CBA00E9B192 /* Project object */;
			proxyType = 1;
			remoteGlobalIDString = AC7A832021EF4BDB004502E4;
			remoteInfo = LiskMessageExtension;
		};
/* End PBXContainerItemProxy section */

/* Begin PBXCopyFilesBuildPhase section */
		AC7A837521EF4BDC004502E4 /* Embed App Extensions */ = {
			isa = PBXCopyFilesBuildPhase;
			buildActionMask = 2147483647;
			dstPath = "";
			dstSubfolderSpec = 13;
			files = (
				921411D623882D18006D77B4 /* LiskMessageExtension.appex in Embed App Extensions */,
			);
			name = "Embed App Extensions";
			runOnlyForDeploymentPostprocessing = 0;
		};
		B647FAAA210720D700EFF1B7 /* Embed Frameworks */ = {
			isa = PBXCopyFilesBuildPhase;
			buildActionMask = 2147483647;
			dstPath = "";
			dstSubfolderSpec = 10;
			files = (
			);
			name = "Embed Frameworks";
			runOnlyForDeploymentPostprocessing = 0;
		};
/* End PBXCopyFilesBuildPhase section */

/* Begin PBXFileReference section */
		008F07F21AC5B25A0029DE68 /* main.jsbundle */ = {isa = PBXFileReference; fileEncoding = 4; lastKnownFileType = text; path = main.jsbundle; sourceTree = "<group>"; };
		00E356EE1AD99517003FC87E /* LiskTests.xctest */ = {isa = PBXFileReference; explicitFileType = wrapper.cfbundle; includeInIndex = 0; path = LiskTests.xctest; sourceTree = BUILT_PRODUCTS_DIR; };
		00E356F11AD99517003FC87E /* Info.plist */ = {isa = PBXFileReference; lastKnownFileType = text.plist.xml; path = Info.plist; sourceTree = "<group>"; };
		00E356F21AD99517003FC87E /* LiskTests.m */ = {isa = PBXFileReference; lastKnownFileType = sourcecode.c.objc; path = LiskTests.m; sourceTree = "<group>"; };
		01DC4E2DAFCC41C18565728D /* Gilroy-Bold.ttf */ = {isa = PBXFileReference; explicitFileType = undefined; fileEncoding = 9; includeInIndex = 0; lastKnownFileType = unknown; name = "Gilroy-Bold.ttf"; path = "../src/assets/fonts/gilroy/Gilroy-Bold.ttf"; sourceTree = "<group>"; };
		09434731811CB1B342E17E81 /* Pods-LiskTests.debug.xcconfig */ = {isa = PBXFileReference; includeInIndex = 1; lastKnownFileType = text.xcconfig; name = "Pods-LiskTests.debug.xcconfig"; path = "Target Support Files/Pods-LiskTests/Pods-LiskTests.debug.xcconfig"; sourceTree = "<group>"; };
		13B07F961A680F5B00A75B9A /* Lisk.app */ = {isa = PBXFileReference; explicitFileType = wrapper.application; includeInIndex = 0; path = Lisk.app; sourceTree = BUILT_PRODUCTS_DIR; };
		13B07FAF1A68108700A75B9A /* AppDelegate.h */ = {isa = PBXFileReference; fileEncoding = 4; lastKnownFileType = sourcecode.c.h; name = AppDelegate.h; path = Lisk/AppDelegate.h; sourceTree = "<group>"; };
		13B07FB01A68108700A75B9A /* AppDelegate.m */ = {isa = PBXFileReference; fileEncoding = 4; lastKnownFileType = sourcecode.c.objc; name = AppDelegate.m; path = Lisk/AppDelegate.m; sourceTree = "<group>"; };
		13B07FB21A68108700A75B9A /* Base */ = {isa = PBXFileReference; lastKnownFileType = file.xib; name = Base; path = Base.lproj/LaunchScreen.xib; sourceTree = "<group>"; };
		13B07FB51A68108700A75B9A /* Images.xcassets */ = {isa = PBXFileReference; lastKnownFileType = folder.assetcatalog; name = Images.xcassets; path = Lisk/Images.xcassets; sourceTree = "<group>"; };
		13B07FB61A68108700A75B9A /* Info.plist */ = {isa = PBXFileReference; fileEncoding = 4; lastKnownFileType = text.plist.xml; name = Info.plist; path = Lisk/Info.plist; sourceTree = "<group>"; };
		13B07FB71A68108700A75B9A /* main.m */ = {isa = PBXFileReference; fileEncoding = 4; lastKnownFileType = sourcecode.c.objc; name = main.m; path = Lisk/main.m; sourceTree = "<group>"; };
		1F91E410A1784A80B3833C2F /* BasierCircle-Bold.otf */ = {isa = PBXFileReference; explicitFileType = undefined; fileEncoding = 9; includeInIndex = 0; lastKnownFileType = unknown; name = "BasierCircle-Bold.otf"; path = "../src/assets/fonts/basierCircle/BasierCircle-Bold.otf"; sourceTree = "<group>"; };
		2094B260978C4B609B27CDB1 /* libRNCNetInfo.a */ = {isa = PBXFileReference; explicitFileType = undefined; fileEncoding = 9; includeInIndex = 0; lastKnownFileType = archive.ar; path = libRNCNetInfo.a; sourceTree = "<group>"; };
		22B1642B71DB403489920B12 /* Pods-LiskTests.release.xcconfig */ = {isa = PBXFileReference; includeInIndex = 1; lastKnownFileType = text.xcconfig; name = "Pods-LiskTests.release.xcconfig"; path = "Target Support Files/Pods-LiskTests/Pods-LiskTests.release.xcconfig"; sourceTree = "<group>"; };
		236A3C30CC2B2CDD806B6810 /* Pods-LiskMessageExtension.release.xcconfig */ = {isa = PBXFileReference; includeInIndex = 1; lastKnownFileType = text.xcconfig; name = "Pods-LiskMessageExtension.release.xcconfig"; path = "Target Support Files/Pods-LiskMessageExtension/Pods-LiskMessageExtension.release.xcconfig"; sourceTree = "<group>"; };
		330DE28221523AE200B584E3 /* Lisk.entitlements */ = {isa = PBXFileReference; lastKnownFileType = text.plist.entitlements; name = Lisk.entitlements; path = Lisk/Lisk.entitlements; sourceTree = "<group>"; };
		33C330B721F1CF26003C62F1 /* LiskMessageExtension.entitlements */ = {isa = PBXFileReference; lastKnownFileType = text.plist.entitlements; path = LiskMessageExtension.entitlements; sourceTree = "<group>"; };
		3A7B1E37D72F4DBDAAA71A0F /* RCTCustomInputController.xcodeproj */ = {isa = PBXFileReference; explicitFileType = undefined; fileEncoding = 9; includeInIndex = 0; lastKnownFileType = "wrapper.pb-project"; name = RCTCustomInputController.xcodeproj; path = "../node_modules/react-native-keyboard-input/lib/ios/RCTCustomInputController.xcodeproj"; sourceTree = "<group>"; };
		4735A61E525F40548A6AD278 /* libInteractable.a */ = {isa = PBXFileReference; explicitFileType = undefined; fileEncoding = 9; includeInIndex = 0; lastKnownFileType = archive.ar; path = libInteractable.a; sourceTree = "<group>"; };
		4B3CD568314C40F799A5781E /* Interactable.xcodeproj */ = {isa = PBXFileReference; explicitFileType = undefined; fileEncoding = 9; includeInIndex = 0; lastKnownFileType = "wrapper.pb-project"; name = Interactable.xcodeproj; path = "../node_modules/react-native-interactable/lib/ios/Interactable.xcodeproj"; sourceTree = "<group>"; };
		4C51D72C0FAD40BFA9898B8F /* PTMono-Regular.ttf */ = {isa = PBXFileReference; explicitFileType = undefined; fileEncoding = 9; includeInIndex = 0; lastKnownFileType = unknown; name = "PTMono-Regular.ttf"; path = "../src/assets/fonts/passphrase/PTMono-Regular.ttf"; sourceTree = "<group>"; };
		4CDAF3FDB21A4B73A55374D2 /* Pods-Lisk.debug.xcconfig */ = {isa = PBXFileReference; includeInIndex = 1; lastKnownFileType = text.xcconfig; name = "Pods-Lisk.debug.xcconfig"; path = "Target Support Files/Pods-Lisk/Pods-Lisk.debug.xcconfig"; sourceTree = "<group>"; };
		4E1B4DCBCC0842B2986B9E14 /* Dots-Regular.ttf */ = {isa = PBXFileReference; explicitFileType = undefined; fileEncoding = 9; includeInIndex = 0; lastKnownFileType = unknown; name = "Dots-Regular.ttf"; path = "../src/assets/fonts/passphrase/Dots-Regular.ttf"; sourceTree = "<group>"; };
		504EDBE3571162F02F8D2B01 /* libPods-Lisk.a */ = {isa = PBXFileReference; explicitFileType = archive.ar; includeInIndex = 0; path = "libPods-Lisk.a"; sourceTree = BUILT_PRODUCTS_DIR; };
		5151B3598A4C4363814407E6 /* libRNReanimated.a */ = {isa = PBXFileReference; explicitFileType = undefined; fileEncoding = 9; includeInIndex = 0; lastKnownFileType = archive.ar; path = libRNReanimated.a; sourceTree = "<group>"; };
		5F1A340F00CE46A28CE69805 /* BasierCircle-SemiBold.otf */ = {isa = PBXFileReference; explicitFileType = undefined; fileEncoding = 9; includeInIndex = 0; lastKnownFileType = unknown; name = "BasierCircle-SemiBold.otf"; path = "../src/assets/fonts/basierCircle/BasierCircle-SemiBold.otf"; sourceTree = "<group>"; };
		6B301DEE1AFA03A486ED5C11 /* Pods-LiskMessageExtension.debug.xcconfig */ = {isa = PBXFileReference; includeInIndex = 1; lastKnownFileType = text.xcconfig; name = "Pods-LiskMessageExtension.debug.xcconfig"; path = "Target Support Files/Pods-LiskMessageExtension/Pods-LiskMessageExtension.debug.xcconfig"; sourceTree = "<group>"; };
		6F3C84F25D024703B97337E4 /* libRNShakeEvent.a */ = {isa = PBXFileReference; explicitFileType = undefined; fileEncoding = 9; includeInIndex = 0; lastKnownFileType = archive.ar; path = libRNShakeEvent.a; sourceTree = "<group>"; };
		7F025B043F18462784EC9F3D /* libRCTCustomInputController.a */ = {isa = PBXFileReference; explicitFileType = undefined; fileEncoding = 9; includeInIndex = 0; lastKnownFileType = archive.ar; path = libRCTCustomInputController.a; sourceTree = "<group>"; };
		87DE9DE1D833458F857D0C90 /* RCTCustomInputController.xcodeproj */ = {isa = PBXFileReference; explicitFileType = undefined; fileEncoding = 9; includeInIndex = 0; lastKnownFileType = "wrapper.pb-project"; name = RCTCustomInputController.xcodeproj; path = "../node_modules/react-native-keyboard-input/lib/ios/RCTCustomInputController.xcodeproj"; sourceTree = "<group>"; };
		8D5F9AA4B0A7328423B1E794 /* libPods-LiskTests.a */ = {isa = PBXFileReference; explicitFileType = archive.ar; includeInIndex = 0; path = "libPods-LiskTests.a"; sourceTree = BUILT_PRODUCTS_DIR; };
		90363AD122CB8AC6006A5D94 /* JavaScriptCore.framework */ = {isa = PBXFileReference; lastKnownFileType = wrapper.framework; name = JavaScriptCore.framework; path = System/Library/Frameworks/JavaScriptCore.framework; sourceTree = SDKROOT; };
		914CE4F17323482BB575BEB0 /* OpenSans-Semibold.ttf */ = {isa = PBXFileReference; explicitFileType = undefined; fileEncoding = 9; includeInIndex = 0; lastKnownFileType = unknown; name = "OpenSans-Semibold.ttf"; path = "../src/assets/fonts/openSans/OpenSans-Semibold.ttf"; sourceTree = "<group>"; };
		921411AF2387F305006D77B4 /* LiskTests-Bridging-Header.h */ = {isa = PBXFileReference; lastKnownFileType = sourcecode.c.h; path = "LiskTests-Bridging-Header.h"; sourceTree = "<group>"; };
		921411B02387F305006D77B4 /* Bridge.swift */ = {isa = PBXFileReference; lastKnownFileType = sourcecode.swift; path = Bridge.swift; sourceTree = "<group>"; };
		92ED43B2238BD5210053F88A /* Lisk-Bridging-Header.h */ = {isa = PBXFileReference; lastKnownFileType = sourcecode.c.h; path = "Lisk-Bridging-Header.h"; sourceTree = "<group>"; };
		A0DB7E33846642C19C14DDDC /* libTcpSockets.a */ = {isa = PBXFileReference; explicitFileType = undefined; fileEncoding = 9; includeInIndex = 0; lastKnownFileType = archive.ar; path = libTcpSockets.a; sourceTree = "<group>"; };
		A436A259FE604084816F035A /* libRNCAsyncStorage.a */ = {isa = PBXFileReference; explicitFileType = undefined; fileEncoding = 9; includeInIndex = 0; lastKnownFileType = archive.ar; path = libRNCAsyncStorage.a; sourceTree = "<group>"; };
		AC4B3F8A21F602A000BDDF7B /* LaunchScreen.xib */ = {isa = PBXFileReference; lastKnownFileType = file.xib; path = LaunchScreen.xib; sourceTree = "<group>"; };
		AC6D417221EF4C6D00B276BD /* LiskMessageExtension-Bridging-Header.h */ = {isa = PBXFileReference; lastKnownFileType = sourcecode.c.h; path = "LiskMessageExtension-Bridging-Header.h"; sourceTree = "<group>"; };
		AC7A832121EF4BDB004502E4 /* LiskMessageExtension.appex */ = {isa = PBXFileReference; explicitFileType = "wrapper.app-extension"; includeInIndex = 0; path = LiskMessageExtension.appex; sourceTree = BUILT_PRODUCTS_DIR; };
		AC7A832221EF4BDB004502E4 /* Messages.framework */ = {isa = PBXFileReference; lastKnownFileType = wrapper.framework; name = Messages.framework; path = System/Library/Frameworks/Messages.framework; sourceTree = SDKROOT; };
		AC7A832521EF4BDB004502E4 /* MessagesViewController.swift */ = {isa = PBXFileReference; indentWidth = 2; lastKnownFileType = sourcecode.swift; path = MessagesViewController.swift; sourceTree = "<group>"; };
		AC7A832821EF4BDB004502E4 /* Base */ = {isa = PBXFileReference; lastKnownFileType = file.storyboard; name = Base; path = Base.lproj/MainInterface.storyboard; sourceTree = "<group>"; };
		AC7A832A21EF4BDC004502E4 /* Assets.xcassets */ = {isa = PBXFileReference; lastKnownFileType = folder.assetcatalog; path = Assets.xcassets; sourceTree = "<group>"; };
		AC7A832C21EF4BDC004502E4 /* Info.plist */ = {isa = PBXFileReference; lastKnownFileType = text.plist.xml; path = Info.plist; sourceTree = "<group>"; };
		ACFD52F221EF78B400A39ABE /* MessagesManager.swift */ = {isa = PBXFileReference; lastKnownFileType = sourcecode.swift; path = MessagesManager.swift; sourceTree = "<group>"; };
		ACFD52F421EF79A500A39ABE /* MessagesManager.m */ = {isa = PBXFileReference; lastKnownFileType = sourcecode.c.objc; path = MessagesManager.m; sourceTree = "<group>"; };
		ACFD52F621EF857E00A39ABE /* RNModuleInitialiser.swift */ = {isa = PBXFileReference; lastKnownFileType = sourcecode.swift; path = RNModuleInitialiser.swift; sourceTree = "<group>"; };
		ACFD537D21F089C900A39ABE /* MessagesManagerMappers.swift */ = {isa = PBXFileReference; lastKnownFileType = sourcecode.swift; path = MessagesManagerMappers.swift; sourceTree = "<group>"; };
		ACFD537F21F0A8FD00A39ABE /* MessagesManagerEvents.swift */ = {isa = PBXFileReference; lastKnownFileType = sourcecode.swift; path = MessagesManagerEvents.swift; sourceTree = "<group>"; };
		ACFD538121F0B10500A39ABE /* MessagesManager+MessagesViewControllerDelegate.swift */ = {isa = PBXFileReference; lastKnownFileType = sourcecode.swift; path = "MessagesManager+MessagesViewControllerDelegate.swift"; sourceTree = "<group>"; };
		BB865073FACB4AEEB229A6FF /* icomoon.ttf */ = {isa = PBXFileReference; explicitFileType = undefined; fileEncoding = 9; includeInIndex = 0; lastKnownFileType = unknown; name = icomoon.ttf; path = ../src/assets/fonts/icons/icomoon.ttf; sourceTree = "<group>"; };
		DB0A706947854FE8A1F9096C /* OpenSans-Regular.ttf */ = {isa = PBXFileReference; explicitFileType = undefined; fileEncoding = 9; includeInIndex = 0; lastKnownFileType = unknown; name = "OpenSans-Regular.ttf"; path = "../src/assets/fonts/openSans/OpenSans-Regular.ttf"; sourceTree = "<group>"; };
		DD4052BF0AB4984C82EB4D6F /* libPods-LiskMessageExtension.a */ = {isa = PBXFileReference; explicitFileType = archive.ar; includeInIndex = 0; path = "libPods-LiskMessageExtension.a"; sourceTree = BUILT_PRODUCTS_DIR; };
		DF764AA4CD8E4399980B73AC /* OpenSans-Bold.ttf */ = {isa = PBXFileReference; explicitFileType = undefined; fileEncoding = 9; includeInIndex = 0; lastKnownFileType = unknown; name = "OpenSans-Bold.ttf"; path = "../src/assets/fonts/openSans/OpenSans-Bold.ttf"; sourceTree = "<group>"; };
		F757DDBDDE3E44FF90CA5133 /* BasierCircle-Regular.otf */ = {isa = PBXFileReference; explicitFileType = undefined; fileEncoding = 9; includeInIndex = 0; lastKnownFileType = unknown; name = "BasierCircle-Regular.otf"; path = "../src/assets/fonts/basierCircle/BasierCircle-Regular.otf"; sourceTree = "<group>"; };
		F8A1F0630C064091A007BE3F /* libRNGestureHandler.a */ = {isa = PBXFileReference; explicitFileType = undefined; fileEncoding = 9; includeInIndex = 0; lastKnownFileType = archive.ar; path = libRNGestureHandler.a; sourceTree = "<group>"; };
		FB8ECA4CAD61D5430E33BD8F /* Pods-Lisk.release.xcconfig */ = {isa = PBXFileReference; includeInIndex = 1; lastKnownFileType = text.xcconfig; name = "Pods-Lisk.release.xcconfig"; path = "Target Support Files/Pods-Lisk/Pods-Lisk.release.xcconfig"; sourceTree = "<group>"; };
/* End PBXFileReference section */

/* Begin PBXFrameworksBuildPhase section */
		00E356EB1AD99517003FC87E /* Frameworks */ = {
			isa = PBXFrameworksBuildPhase;
			buildActionMask = 2147483647;
			files = (
				5B10E3DD70F07012B807659A /* libPods-LiskTests.a in Frameworks */,
			);
			runOnlyForDeploymentPostprocessing = 0;
		};
		13B07F8C1A680F5B00A75B9A /* Frameworks */ = {
			isa = PBXFrameworksBuildPhase;
			buildActionMask = 2147483647;
			files = (
				640C7FCF1C5DD913AC5334A9 /* libPods-Lisk.a in Frameworks */,
			);
			runOnlyForDeploymentPostprocessing = 0;
		};
		AC7A831E21EF4BDB004502E4 /* Frameworks */ = {
			isa = PBXFrameworksBuildPhase;
			buildActionMask = 2147483647;
			files = (
				2B119D188B304021100CE7C8 /* libPods-LiskMessageExtension.a in Frameworks */,
			);
			runOnlyForDeploymentPostprocessing = 0;
		};
/* End PBXFrameworksBuildPhase section */

/* Begin PBXGroup section */
		00E356EF1AD99517003FC87E /* LiskTests */ = {
			isa = PBXGroup;
			children = (
				00E356F21AD99517003FC87E /* LiskTests.m */,
				00E356F01AD99517003FC87E /* Supporting Files */,
			);
			path = LiskTests;
			sourceTree = "<group>";
		};
		00E356F01AD99517003FC87E /* Supporting Files */ = {
			isa = PBXGroup;
			children = (
				00E356F11AD99517003FC87E /* Info.plist */,
			);
			name = "Supporting Files";
			sourceTree = "<group>";
		};
		13B07FAE1A68108700A75B9A /* Lisk */ = {
			isa = PBXGroup;
			children = (
				330DE28221523AE200B584E3 /* Lisk.entitlements */,
				008F07F21AC5B25A0029DE68 /* main.jsbundle */,
				13B07FAF1A68108700A75B9A /* AppDelegate.h */,
				13B07FB01A68108700A75B9A /* AppDelegate.m */,
				13B07FB51A68108700A75B9A /* Images.xcassets */,
				13B07FB61A68108700A75B9A /* Info.plist */,
				13B07FB11A68108700A75B9A /* LaunchScreen.xib */,
				13B07FB71A68108700A75B9A /* main.m */,
				921411B02387F305006D77B4 /* Bridge.swift */,
				921411AF2387F305006D77B4 /* LiskTests-Bridging-Header.h */,
				92ED43B2238BD5210053F88A /* Lisk-Bridging-Header.h */,
			);
			name = Lisk;
			sourceTree = "<group>";
		};
		2D16E6871FA4F8E400B85C8A /* Frameworks */ = {
			isa = PBXGroup;
			children = (
				90363AD122CB8AC6006A5D94 /* JavaScriptCore.framework */,
				AC7A832221EF4BDB004502E4 /* Messages.framework */,
				504EDBE3571162F02F8D2B01 /* libPods-Lisk.a */,
				DD4052BF0AB4984C82EB4D6F /* libPods-LiskMessageExtension.a */,
				8D5F9AA4B0A7328423B1E794 /* libPods-LiskTests.a */,
			);
			name = Frameworks;
			sourceTree = "<group>";
		};
		339ABFE223057975009A4B94 /* Products */ = {
			isa = PBXGroup;
			children = (
				339AC01D23057E4D009A4B94 /* libRCTCustomInputController.a */,
			);
			name = Products;
			sourceTree = "<group>";
		};
		339AC00523057975009A4B94 /* Products */ = {
			isa = PBXGroup;
			children = (
				339AC00F23057E4D009A4B94 /* libInteractable.a */,
			);
			name = Products;
			sourceTree = "<group>";
		};
		33DD260220CFBC550061FC18 /* Recovered References */ = {
			isa = PBXGroup;
			children = (
				6F3C84F25D024703B97337E4 /* libRNShakeEvent.a */,
				A436A259FE604084816F035A /* libRNCAsyncStorage.a */,
				F8A1F0630C064091A007BE3F /* libRNGestureHandler.a */,
				5151B3598A4C4363814407E6 /* libRNReanimated.a */,
				4735A61E525F40548A6AD278 /* libInteractable.a */,
				2094B260978C4B609B27CDB1 /* libRNCNetInfo.a */,
				7F025B043F18462784EC9F3D /* libRCTCustomInputController.a */,
				A0DB7E33846642C19C14DDDC /* libTcpSockets.a */,
			);
			name = "Recovered References";
			sourceTree = "<group>";
		};
		5B953057FC13598F9D6F7CBD /* Pods */ = {
			isa = PBXGroup;
			children = (
				4CDAF3FDB21A4B73A55374D2 /* Pods-Lisk.debug.xcconfig */,
				FB8ECA4CAD61D5430E33BD8F /* Pods-Lisk.release.xcconfig */,
				6B301DEE1AFA03A486ED5C11 /* Pods-LiskMessageExtension.debug.xcconfig */,
				236A3C30CC2B2CDD806B6810 /* Pods-LiskMessageExtension.release.xcconfig */,
				09434731811CB1B342E17E81 /* Pods-LiskTests.debug.xcconfig */,
				22B1642B71DB403489920B12 /* Pods-LiskTests.release.xcconfig */,
			);
			path = Pods;
			sourceTree = "<group>";
		};
		832341AE1AAA6A7D00B99B32 /* Libraries */ = {
			isa = PBXGroup;
			children = (
			);
			name = Libraries;
			sourceTree = "<group>";
		};
		83CBB9F61A601CBA00E9B192 = {
			isa = PBXGroup;
			children = (
				13B07FAE1A68108700A75B9A /* Lisk */,
				832341AE1AAA6A7D00B99B32 /* Libraries */,
				00E356EF1AD99517003FC87E /* LiskTests */,
				AC7A832421EF4BDB004502E4 /* LiskMessageExtension */,
				83CBBA001A601CBA00E9B192 /* Products */,
				2D16E6871FA4F8E400B85C8A /* Frameworks */,
				BA225343D84043FE8C726631 /* Resources */,
				33DD260220CFBC550061FC18 /* Recovered References */,
				5B953057FC13598F9D6F7CBD /* Pods */,
			);
			indentWidth = 2;
			sourceTree = "<group>";
			tabWidth = 2;
			usesTabs = 0;
		};
		83CBBA001A601CBA00E9B192 /* Products */ = {
			isa = PBXGroup;
			children = (
				13B07F961A680F5B00A75B9A /* Lisk.app */,
				00E356EE1AD99517003FC87E /* LiskTests.xctest */,
				AC7A832121EF4BDB004502E4 /* LiskMessageExtension.appex */,
			);
			name = Products;
			sourceTree = "<group>";
		};
		9001FEAF23181F6C00DBC81D /* Products */ = {
			isa = PBXGroup;
			children = (
				9001FED923181F6E00DBC81D /* libRCTCustomInputController.a */,
			);
			name = Products;
			sourceTree = "<group>";
		};
		AC7A832421EF4BDB004502E4 /* LiskMessageExtension */ = {
			isa = PBXGroup;
			children = (
				33C330B721F1CF26003C62F1 /* LiskMessageExtension.entitlements */,
				AC6D417221EF4C6D00B276BD /* LiskMessageExtension-Bridging-Header.h */,
				AC7A832521EF4BDB004502E4 /* MessagesViewController.swift */,
				ACFD52F421EF79A500A39ABE /* MessagesManager.m */,
				ACFD52F221EF78B400A39ABE /* MessagesManager.swift */,
				ACFD538121F0B10500A39ABE /* MessagesManager+MessagesViewControllerDelegate.swift */,
				ACFD537F21F0A8FD00A39ABE /* MessagesManagerEvents.swift */,
				ACFD537D21F089C900A39ABE /* MessagesManagerMappers.swift */,
				ACFD52F621EF857E00A39ABE /* RNModuleInitialiser.swift */,
				AC7A832721EF4BDB004502E4 /* MainInterface.storyboard */,
				AC7A832A21EF4BDC004502E4 /* Assets.xcassets */,
				AC7A832C21EF4BDC004502E4 /* Info.plist */,
				AC4B3F8A21F602A000BDDF7B /* LaunchScreen.xib */,
			);
			path = LiskMessageExtension;
			sourceTree = "<group>";
		};
		BA225343D84043FE8C726631 /* Resources */ = {
			isa = PBXGroup;
			children = (
				DB0A706947854FE8A1F9096C /* OpenSans-Regular.ttf */,
				01DC4E2DAFCC41C18565728D /* Gilroy-Bold.ttf */,
				DF764AA4CD8E4399980B73AC /* OpenSans-Bold.ttf */,
				BB865073FACB4AEEB229A6FF /* icomoon.ttf */,
				914CE4F17323482BB575BEB0 /* OpenSans-Semibold.ttf */,
				4C51D72C0FAD40BFA9898B8F /* PTMono-Regular.ttf */,
				4E1B4DCBCC0842B2986B9E14 /* Dots-Regular.ttf */,
				1F91E410A1784A80B3833C2F /* BasierCircle-Bold.otf */,
				F757DDBDDE3E44FF90CA5133 /* BasierCircle-Regular.otf */,
				5F1A340F00CE46A28CE69805 /* BasierCircle-SemiBold.otf */,
			);
			name = Resources;
			sourceTree = "<group>";
		};
/* End PBXGroup section */

/* Begin PBXNativeTarget section */
		00E356ED1AD99517003FC87E /* LiskTests */ = {
			isa = PBXNativeTarget;
			buildConfigurationList = 00E357021AD99517003FC87E /* Build configuration list for PBXNativeTarget "LiskTests" */;
			buildPhases = (
				9918143E41F4BF54CB5D2CD8 /* [CP] Check Pods Manifest.lock */,
				00E356EA1AD99517003FC87E /* Sources */,
				00E356EB1AD99517003FC87E /* Frameworks */,
				00E356EC1AD99517003FC87E /* Resources */,
			);
			buildRules = (
			);
			dependencies = (
				00E356F51AD99517003FC87E /* PBXTargetDependency */,
			);
			name = LiskTests;
			productName = LiskTests;
			productReference = 00E356EE1AD99517003FC87E /* LiskTests.xctest */;
			productType = "com.apple.product-type.bundle.unit-test";
		};
		13B07F861A680F5B00A75B9A /* Lisk */ = {
			isa = PBXNativeTarget;
			buildConfigurationList = 13B07F931A680F5B00A75B9A /* Build configuration list for PBXNativeTarget "Lisk" */;
			buildPhases = (
				8BD9D000F683423CF084B2D8 /* [CP] Check Pods Manifest.lock */,
				13B07F871A680F5B00A75B9A /* Sources */,
				13B07F8C1A680F5B00A75B9A /* Frameworks */,
				13B07F8E1A680F5B00A75B9A /* Resources */,
				00DD1BFF1BD5951E006B06BC /* Bundle React Native code and images */,
				B647FAAA210720D700EFF1B7 /* Embed Frameworks */,
				AC7A837521EF4BDC004502E4 /* Embed App Extensions */,
			);
			buildRules = (
			);
			dependencies = (
				921411D823882D27006D77B4 /* PBXTargetDependency */,
			);
			name = Lisk;
			productName = "Hello World";
			productReference = 13B07F961A680F5B00A75B9A /* Lisk.app */;
			productType = "com.apple.product-type.application";
		};
		AC7A832021EF4BDB004502E4 /* LiskMessageExtension */ = {
			isa = PBXNativeTarget;
			buildConfigurationList = AC7A837421EF4BDC004502E4 /* Build configuration list for PBXNativeTarget "LiskMessageExtension" */;
			buildPhases = (
				FA6614FD6287341C5AC9C7EE /* [CP] Check Pods Manifest.lock */,
				AC7A831D21EF4BDB004502E4 /* Sources */,
				AC7A831E21EF4BDB004502E4 /* Frameworks */,
				AC7A831F21EF4BDB004502E4 /* Resources */,
				AC759F2222034E4B00B5EDB1 /* Run Script */,
			);
			buildRules = (
			);
			dependencies = (
			);
			name = LiskMessageExtension;
			productName = LiskMessageExtension;
			productReference = AC7A832121EF4BDB004502E4 /* LiskMessageExtension.appex */;
			productType = "com.apple.product-type.app-extension.messages";
		};
/* End PBXNativeTarget section */

/* Begin PBXProject section */
		83CBB9F71A601CBA00E9B192 /* Project object */ = {
			isa = PBXProject;
			attributes = {
				LastSwiftUpdateCheck = 1010;
				LastUpgradeCheck = 610;
				ORGANIZATIONNAME = Facebook;
				TargetAttributes = {
					00E356ED1AD99517003FC87E = {
						CreatedOnToolsVersion = 6.2;
						DevelopmentTeam = 58UK9RE9TP;
						LastSwiftMigration = 1100;
						TestTargetID = 13B07F861A680F5B00A75B9A;
					};
					13B07F861A680F5B00A75B9A = {
						DevelopmentTeam = 58UK9RE9TP;
						LastSwiftMigration = 1010;
						SystemCapabilities = {
							com.apple.Keychain = {
								enabled = 1;
							};
						};
					};
					AC7A832021EF4BDB004502E4 = {
						CreatedOnToolsVersion = 10.1;
						DevelopmentTeam = 58UK9RE9TP;
						ProvisioningStyle = Automatic;
						SystemCapabilities = {
							com.apple.Keychain = {
								enabled = 1;
							};
						};
					};
				};
			};
			buildConfigurationList = 83CBB9FA1A601CBA00E9B192 /* Build configuration list for PBXProject "Lisk" */;
			compatibilityVersion = "Xcode 3.2";
			developmentRegion = English;
			hasScannedForEncodings = 0;
			knownRegions = (
				English,
				en,
				Base,
			);
			mainGroup = 83CBB9F61A601CBA00E9B192;
			productRefGroup = 83CBBA001A601CBA00E9B192 /* Products */;
			projectDirPath = "";
			projectReferences = (
				{
					ProductGroup = 339AC00523057975009A4B94 /* Products */;
					ProjectRef = 4B3CD568314C40F799A5781E /* Interactable.xcodeproj */;
				},
				{
					ProductGroup = 339ABFE223057975009A4B94 /* Products */;
					ProjectRef = 87DE9DE1D833458F857D0C90 /* RCTCustomInputController.xcodeproj */;
				},
				{
					ProductGroup = 9001FEAF23181F6C00DBC81D /* Products */;
					ProjectRef = 3A7B1E37D72F4DBDAAA71A0F /* RCTCustomInputController.xcodeproj */;
				},
			);
			projectRoot = "";
			targets = (
				13B07F861A680F5B00A75B9A /* Lisk */,
				00E356ED1AD99517003FC87E /* LiskTests */,
				AC7A832021EF4BDB004502E4 /* LiskMessageExtension */,
			);
		};
/* End PBXProject section */

/* Begin PBXReferenceProxy section */
		339AC00F23057E4D009A4B94 /* libInteractable.a */ = {
			isa = PBXReferenceProxy;
			fileType = archive.ar;
			path = libInteractable.a;
			remoteRef = 339AC00E23057E4D009A4B94 /* PBXContainerItemProxy */;
			sourceTree = BUILT_PRODUCTS_DIR;
		};
		339AC01D23057E4D009A4B94 /* libRCTCustomInputController.a */ = {
			isa = PBXReferenceProxy;
			fileType = archive.ar;
			path = libRCTCustomInputController.a;
			remoteRef = 339AC01C23057E4D009A4B94 /* PBXContainerItemProxy */;
			sourceTree = BUILT_PRODUCTS_DIR;
		};
		9001FED923181F6E00DBC81D /* libRCTCustomInputController.a */ = {
			isa = PBXReferenceProxy;
			fileType = archive.ar;
			path = libRCTCustomInputController.a;
			remoteRef = 9001FED823181F6E00DBC81D /* PBXContainerItemProxy */;
			sourceTree = BUILT_PRODUCTS_DIR;
		};
/* End PBXReferenceProxy section */

/* Begin PBXResourcesBuildPhase section */
		00E356EC1AD99517003FC87E /* Resources */ = {
			isa = PBXResourcesBuildPhase;
			buildActionMask = 2147483647;
			files = (
			);
			runOnlyForDeploymentPostprocessing = 0;
		};
		13B07F8E1A680F5B00A75B9A /* Resources */ = {
			isa = PBXResourcesBuildPhase;
			buildActionMask = 2147483647;
			files = (
				13B07FBF1A68108700A75B9A /* Images.xcassets in Resources */,
				13B07FBD1A68108700A75B9A /* LaunchScreen.xib in Resources */,
				0E83377E0F2F4D33BB3CE949 /* icomoon.ttf in Resources */,
				9F623AB73FF646D1911425A5 /* PTMono-Regular.ttf in Resources */,
				4F7FDDEC2B3F43659A347587 /* Dots-Regular.ttf in Resources */,
				7FBFE3D07A8E4244A5B3A4E9 /* OpenSans-Bold.ttf in Resources */,
				24923F5215CC4CEEA6FD5173 /* OpenSans-Semibold.ttf in Resources */,
				A3888254AEAE473F866E4C71 /* OpenSans-Regular.ttf in Resources */,
				426CF278ABDA4231AE32D163 /* Gilroy-Bold.ttf in Resources */,
				C04DF4E469D84CC1A062C1F8 /* BasierCircle-Bold.otf in Resources */,
				D899C1D561774F7C96BB1191 /* BasierCircle-SemiBold.otf in Resources */,
				B5BC131897364E8D86D1F42A /* BasierCircle-Regular.otf in Resources */,
			);
			runOnlyForDeploymentPostprocessing = 0;
		};
		AC7A831F21EF4BDB004502E4 /* Resources */ = {
			isa = PBXResourcesBuildPhase;
			buildActionMask = 2147483647;
			files = (
				AC4B3F8B21F602A000BDDF7B /* LaunchScreen.xib in Resources */,
				3394A82321F1DFC0009CF136 /* icomoon.ttf in Resources */,
				3394A82721F1F8E0009CF136 /* OpenSans-Bold.ttf in Resources */,
				AC8EAD8C2271A48F00C0B5D2 /* OpenSans-Semibold.ttf in Resources */,
				3394A82521F1F8CE009CF136 /* OpenSans-Regular.ttf in Resources */,
				3394A82621F1F8D5009CF136 /* Gilroy-Bold.ttf in Resources */,
				AC016ADD22783FB200E61127 /* BasierCircle-Bold.otf in Resources */,
				AC016ADF22783FB200E61127 /* BasierCircle-SemiBold.otf in Resources */,
				AC016ADE22783FB200E61127 /* BasierCircle-Regular.otf in Resources */,
				AC7A832B21EF4BDC004502E4 /* Assets.xcassets in Resources */,
				AC7A832921EF4BDB004502E4 /* MainInterface.storyboard in Resources */,
			);
			runOnlyForDeploymentPostprocessing = 0;
		};
/* End PBXResourcesBuildPhase section */

/* Begin PBXShellScriptBuildPhase section */
		00DD1BFF1BD5951E006B06BC /* Bundle React Native code and images */ = {
			isa = PBXShellScriptBuildPhase;
			buildActionMask = 2147483647;
			files = (
			);
			inputPaths = (
			);
			name = "Bundle React Native code and images";
			outputPaths = (
			);
			runOnlyForDeploymentPostprocessing = 0;
			shellPath = /bin/sh;
			shellScript = "export DEVELOPMENT_BUILD_CONFIGURATIONS=\"+(StagingQA|Debug)\"\nexport NODE_BINARY=node\n../node_modules/react-native/scripts/react-native-xcode.sh\n";
		};
		8BD9D000F683423CF084B2D8 /* [CP] Check Pods Manifest.lock */ = {
			isa = PBXShellScriptBuildPhase;
			buildActionMask = 2147483647;
			files = (
			);
			inputFileListPaths = (
			);
			inputPaths = (
				"${PODS_PODFILE_DIR_PATH}/Podfile.lock",
				"${PODS_ROOT}/Manifest.lock",
			);
			name = "[CP] Check Pods Manifest.lock";
			outputFileListPaths = (
			);
			outputPaths = (
				"$(DERIVED_FILE_DIR)/Pods-Lisk-checkManifestLockResult.txt",
			);
			runOnlyForDeploymentPostprocessing = 0;
			shellPath = /bin/sh;
			shellScript = "diff \"${PODS_PODFILE_DIR_PATH}/Podfile.lock\" \"${PODS_ROOT}/Manifest.lock\" > /dev/null\nif [ $? != 0 ] ; then\n    # print error to STDERR\n    echo \"error: The sandbox is not in sync with the Podfile.lock. Run 'pod install' or update your CocoaPods installation.\" >&2\n    exit 1\nfi\n# This output is used by Xcode 'outputs' to avoid re-running this script phase.\necho \"SUCCESS\" > \"${SCRIPT_OUTPUT_FILE_0}\"\n";
			showEnvVarsInLog = 0;
		};
		9918143E41F4BF54CB5D2CD8 /* [CP] Check Pods Manifest.lock */ = {
			isa = PBXShellScriptBuildPhase;
			buildActionMask = 2147483647;
			files = (
			);
			inputFileListPaths = (
			);
			inputPaths = (
				"${PODS_PODFILE_DIR_PATH}/Podfile.lock",
				"${PODS_ROOT}/Manifest.lock",
			);
			name = "[CP] Check Pods Manifest.lock";
			outputFileListPaths = (
			);
			outputPaths = (
				"$(DERIVED_FILE_DIR)/Pods-LiskTests-checkManifestLockResult.txt",
			);
			runOnlyForDeploymentPostprocessing = 0;
			shellPath = /bin/sh;
			shellScript = "diff \"${PODS_PODFILE_DIR_PATH}/Podfile.lock\" \"${PODS_ROOT}/Manifest.lock\" > /dev/null\nif [ $? != 0 ] ; then\n    # print error to STDERR\n    echo \"error: The sandbox is not in sync with the Podfile.lock. Run 'pod install' or update your CocoaPods installation.\" >&2\n    exit 1\nfi\n# This output is used by Xcode 'outputs' to avoid re-running this script phase.\necho \"SUCCESS\" > \"${SCRIPT_OUTPUT_FILE_0}\"\n";
			showEnvVarsInLog = 0;
		};
		AC759F2222034E4B00B5EDB1 /* Run Script */ = {
			isa = PBXShellScriptBuildPhase;
			buildActionMask = 2147483647;
			files = (
			);
			inputFileListPaths = (
			);
			inputPaths = (
			);
			name = "Run Script";
			outputFileListPaths = (
			);
			outputPaths = (
			);
			runOnlyForDeploymentPostprocessing = 0;
			shellPath = /bin/sh;
			shellScript = "export NODE_BINARY=$(command -v node)\n../node_modules/react-native/scripts/react-native-xcode.sh index.message.js\n";
		};
		FA6614FD6287341C5AC9C7EE /* [CP] Check Pods Manifest.lock */ = {
			isa = PBXShellScriptBuildPhase;
			buildActionMask = 2147483647;
			files = (
			);
			inputFileListPaths = (
			);
			inputPaths = (
				"${PODS_PODFILE_DIR_PATH}/Podfile.lock",
				"${PODS_ROOT}/Manifest.lock",
			);
			name = "[CP] Check Pods Manifest.lock";
			outputFileListPaths = (
			);
			outputPaths = (
				"$(DERIVED_FILE_DIR)/Pods-LiskMessageExtension-checkManifestLockResult.txt",
			);
			runOnlyForDeploymentPostprocessing = 0;
			shellPath = /bin/sh;
			shellScript = "diff \"${PODS_PODFILE_DIR_PATH}/Podfile.lock\" \"${PODS_ROOT}/Manifest.lock\" > /dev/null\nif [ $? != 0 ] ; then\n    # print error to STDERR\n    echo \"error: The sandbox is not in sync with the Podfile.lock. Run 'pod install' or update your CocoaPods installation.\" >&2\n    exit 1\nfi\n# This output is used by Xcode 'outputs' to avoid re-running this script phase.\necho \"SUCCESS\" > \"${SCRIPT_OUTPUT_FILE_0}\"\n";
			showEnvVarsInLog = 0;
		};
/* End PBXShellScriptBuildPhase section */

/* Begin PBXSourcesBuildPhase section */
		00E356EA1AD99517003FC87E /* Sources */ = {
			isa = PBXSourcesBuildPhase;
			buildActionMask = 2147483647;
			files = (
				00E356F31AD99517003FC87E /* LiskTests.m in Sources */,
			);
			runOnlyForDeploymentPostprocessing = 0;
		};
		13B07F871A680F5B00A75B9A /* Sources */ = {
			isa = PBXSourcesBuildPhase;
			buildActionMask = 2147483647;
			files = (
				13B07FBC1A68108700A75B9A /* AppDelegate.m in Sources */,
				13B07FC11A68108700A75B9A /* main.m in Sources */,
				921411B12387F305006D77B4 /* Bridge.swift in Sources */,
			);
			runOnlyForDeploymentPostprocessing = 0;
		};
		AC7A831D21EF4BDB004502E4 /* Sources */ = {
			isa = PBXSourcesBuildPhase;
			buildActionMask = 2147483647;
			files = (
				ACFD537E21F089C900A39ABE /* MessagesManagerMappers.swift in Sources */,
				ACFD52F521EF79A500A39ABE /* MessagesManager.m in Sources */,
				ACFD538021F0A8FD00A39ABE /* MessagesManagerEvents.swift in Sources */,
				AC7A832621EF4BDB004502E4 /* MessagesViewController.swift in Sources */,
				921411B32387F305006D77B4 /* Bridge.swift in Sources */,
				ACFD52F321EF78B400A39ABE /* MessagesManager.swift in Sources */,
				ACFD52F721EF857E00A39ABE /* RNModuleInitialiser.swift in Sources */,
				ACFD538221F0B10500A39ABE /* MessagesManager+MessagesViewControllerDelegate.swift in Sources */,
			);
			runOnlyForDeploymentPostprocessing = 0;
		};
/* End PBXSourcesBuildPhase section */

/* Begin PBXTargetDependency section */
		00E356F51AD99517003FC87E /* PBXTargetDependency */ = {
			isa = PBXTargetDependency;
			target = 13B07F861A680F5B00A75B9A /* Lisk */;
			targetProxy = 00E356F41AD99517003FC87E /* PBXContainerItemProxy */;
		};
		921411D823882D27006D77B4 /* PBXTargetDependency */ = {
			isa = PBXTargetDependency;
			target = AC7A832021EF4BDB004502E4 /* LiskMessageExtension */;
			targetProxy = 921411D723882D27006D77B4 /* PBXContainerItemProxy */;
		};
/* End PBXTargetDependency section */

/* Begin PBXVariantGroup section */
		13B07FB11A68108700A75B9A /* LaunchScreen.xib */ = {
			isa = PBXVariantGroup;
			children = (
				13B07FB21A68108700A75B9A /* Base */,
			);
			name = LaunchScreen.xib;
			path = Lisk;
			sourceTree = "<group>";
		};
		AC7A832721EF4BDB004502E4 /* MainInterface.storyboard */ = {
			isa = PBXVariantGroup;
			children = (
				AC7A832821EF4BDB004502E4 /* Base */,
			);
			name = MainInterface.storyboard;
			sourceTree = "<group>";
		};
/* End PBXVariantGroup section */

/* Begin XCBuildConfiguration section */
		00E356F61AD99517003FC87E /* Debug */ = {
			isa = XCBuildConfiguration;
			baseConfigurationReference = 09434731811CB1B342E17E81 /* Pods-LiskTests.debug.xcconfig */;
			buildSettings = {
				ALWAYS_EMBED_SWIFT_STANDARD_LIBRARIES = YES;
				BUNDLE_LOADER = "$(TEST_HOST)";
				CLANG_ENABLE_MODULES = YES;
				DEVELOPMENT_TEAM = 58UK9RE9TP;
				GCC_PREPROCESSOR_DEFINITIONS = (
					"DEBUG=1",
					"$(inherited)",
				);
				HEADER_SEARCH_PATHS = (
					"$(inherited)",
					"$(SRCROOT)/../node_modules/lottie-ios/lottie-ios/Classes/**",
					"$(SRCROOT)/../node_modules/lottie-react-native/src/ios/LottieReactNative",
					"$(SRCROOT)/../node_modules/react-native-permissions/ios/**",
					"$(SRCROOT)/../node_modules/react-native-app-settings/ios",
					"$(SRCROOT)/../node_modules/react-native-blur-overlay/ios",
					"$(SRCROOT)/../node_modules/react-native-haptic-feedback/ios",
					"$(SRCROOT)/../node_modules/react-native-quick-actions/RNQuickAction/RNQuickAction",
					"$(SRCROOT)/../node_modules/react-native-shake/ios",
					"$(SRCROOT)/../node_modules/@react-native-community/async-storage/ios",
					"$(SRCROOT)/../node_modules/react-native-gesture-handler/ios/**",
					"$(SRCROOT)/../node_modules/react-native-reanimated/ios/**",
					"$(SRCROOT)/../node_modules/react-native-interactable/lib/ios/Interactable",
					"$(SRCROOT)/../node_modules/@react-native-community/netinfo/ios",
					"$(SRCROOT)/../node_modules/react-native-keyboard-input/lib/ios/**",
					"$(SRCROOT)/../node_modules/react-native-tcp/ios/**",
				);
				INFOPLIST_FILE = LiskTests/Info.plist;
				IPHONEOS_DEPLOYMENT_TARGET = 8.0;
				LD_RUNPATH_SEARCH_PATHS = "$(inherited) @executable_path/Frameworks @loader_path/Frameworks";
				LIBRARY_SEARCH_PATHS = (
					"$(inherited)",
					"$(TOOLCHAIN_DIR)/usr/lib/swift/$(PLATFORM_NAME)",
				);
				OTHER_LDFLAGS = (
					"-ObjC",
					"-lc++",
				);
				PRODUCT_NAME = "$(TARGET_NAME)";
				SWIFT_OBJC_BRIDGING_HEADER = "LiskTests-Bridging-Header.h";
				SWIFT_OPTIMIZATION_LEVEL = "-Onone";
				SWIFT_VERSION = 5.0;
				TEST_HOST = "$(BUILT_PRODUCTS_DIR)/Lisk.app/Lisk";
			};
			name = Debug;
		};
		00E356F71AD99517003FC87E /* Release */ = {
			isa = XCBuildConfiguration;
			baseConfigurationReference = 22B1642B71DB403489920B12 /* Pods-LiskTests.release.xcconfig */;
			buildSettings = {
				ALWAYS_EMBED_SWIFT_STANDARD_LIBRARIES = YES;
				BUNDLE_LOADER = "$(TEST_HOST)";
				CLANG_ENABLE_MODULES = YES;
				COPY_PHASE_STRIP = NO;
				DEVELOPMENT_TEAM = 58UK9RE9TP;
				HEADER_SEARCH_PATHS = (
					"$(inherited)",
					"$(SRCROOT)/../node_modules/lottie-ios/lottie-ios/Classes/**",
					"$(SRCROOT)/../node_modules/lottie-react-native/src/ios/LottieReactNative",
					"$(SRCROOT)/../node_modules/react-native-permissions/ios/**",
					"$(SRCROOT)/../node_modules/react-native-app-settings/ios",
					"$(SRCROOT)/../node_modules/react-native-blur-overlay/ios",
					"$(SRCROOT)/../node_modules/react-native-haptic-feedback/ios",
					"$(SRCROOT)/../node_modules/react-native-quick-actions/RNQuickAction/RNQuickAction",
					"$(SRCROOT)/../node_modules/react-native-shake/ios",
					"$(SRCROOT)/../node_modules/@react-native-community/async-storage/ios",
					"$(SRCROOT)/../node_modules/react-native-gesture-handler/ios/**",
					"$(SRCROOT)/../node_modules/react-native-reanimated/ios/**",
					"$(SRCROOT)/../node_modules/react-native-interactable/lib/ios/Interactable",
					"$(SRCROOT)/../node_modules/@react-native-community/netinfo/ios",
					"$(SRCROOT)/../node_modules/react-native-keyboard-input/lib/ios/**",
					"$(SRCROOT)/../node_modules/react-native-tcp/ios/**",
				);
				INFOPLIST_FILE = LiskTests/Info.plist;
				IPHONEOS_DEPLOYMENT_TARGET = 8.0;
				LD_RUNPATH_SEARCH_PATHS = "$(inherited) @executable_path/Frameworks @loader_path/Frameworks";
				LIBRARY_SEARCH_PATHS = (
					"$(inherited)",
					"$(TOOLCHAIN_DIR)/usr/lib/swift/$(PLATFORM_NAME)",
				);
				OTHER_LDFLAGS = (
					"-ObjC",
					"-lc++",
				);
				PRODUCT_NAME = "$(TARGET_NAME)";
				SWIFT_OBJC_BRIDGING_HEADER = "LiskTests-Bridging-Header.h";
				SWIFT_VERSION = 5.0;
				TEST_HOST = "$(BUILT_PRODUCTS_DIR)/Lisk.app/Lisk";
			};
			name = Release;
		};
		13B07F941A680F5B00A75B9A /* Debug */ = {
			isa = XCBuildConfiguration;
			baseConfigurationReference = 4CDAF3FDB21A4B73A55374D2 /* Pods-Lisk.debug.xcconfig */;
			buildSettings = {
				ALWAYS_EMBED_SWIFT_STANDARD_LIBRARIES = YES;
				ASSETCATALOG_COMPILER_APPICON_NAME = AppIcon;
				CLANG_ENABLE_MODULES = YES;
				CODE_SIGN_ENTITLEMENTS = Lisk/Lisk.entitlements;
				CODE_SIGN_IDENTITY = "iPhone Developer";
				CURRENT_PROJECT_VERSION = 3;
				DEAD_CODE_STRIPPING = NO;
				DEVELOPMENT_TEAM = 58UK9RE9TP;
				HEADER_SEARCH_PATHS = (
					"$(inherited)",
					"$(SRCROOT)/../node_modules/lottie-ios/lottie-ios/Classes/**",
					"$(SRCROOT)/../node_modules/lottie-react-native/src/ios/LottieReactNative",
					"$(SRCROOT)/../node_modules/react-native-splash-screen/ios/**",
					"$(SRCROOT)/../node_modules/react-native-permissions/ios/**",
					"$(SRCROOT)/../node_modules/react-native-app-settings/ios",
					"$(SRCROOT)/../node_modules/react-native-splash-screen/ios/**",
					"$(SRCROOT)/../node_modules/react-native-blur-overlay/ios",
					"$(SRCROOT)/../node_modules/react-native-haptic-feedback/ios",
					"$(SRCROOT)/../node_modules/react-native-quick-actions/RNQuickAction/RNQuickAction",
					"$(SRCROOT)/../node_modules/react-native-shake/ios",
					"$(SRCROOT)/../node_modules/@react-native-community/async-storage/ios",
					"$(SRCROOT)/../node_modules/react-native-gesture-handler/ios/**",
					"$(SRCROOT)/../node_modules/react-native-reanimated/ios/**",
					"$(SRCROOT)/../node_modules/react-native-interactable/lib/ios/Interactable",
					"$(SRCROOT)/../node_modules/@react-native-community/netinfo/ios",
					"$(SRCROOT)/../node_modules/react-native-keyboard-input/lib/ios/**",
					"$(SRCROOT)/../node_modules/react-native-tcp/ios/**",
					"$(SRCROOT)/../node_modules/react-native/React/Base/**",
					"$(SRCROOT)/../node_modules/react-native/React/**",
				);
				INFOPLIST_FILE = Lisk/Info.plist;
				IPHONEOS_DEPLOYMENT_TARGET = 11.0;
				LD_RUNPATH_SEARCH_PATHS = "$(inherited) @executable_path/Frameworks";
				MARKETING_VERSION = 1.4.0;
				OTHER_LDFLAGS = (
					"$(inherited)",
					"-ObjC",
					"-lc++",
				);
				PRODUCT_BUNDLE_IDENTIFIER = io.lisk.mobile;
				PRODUCT_NAME = Lisk;
				SWIFT_OBJC_BRIDGING_HEADER = "Lisk-Bridging-Header.h";
				SWIFT_OPTIMIZATION_LEVEL = "-Onone";
				SWIFT_VERSION = 4.2;
				VERSIONING_SYSTEM = "apple-generic";
			};
			name = Debug;
		};
		13B07F951A680F5B00A75B9A /* Release */ = {
			isa = XCBuildConfiguration;
			baseConfigurationReference = FB8ECA4CAD61D5430E33BD8F /* Pods-Lisk.release.xcconfig */;
			buildSettings = {
				ALWAYS_EMBED_SWIFT_STANDARD_LIBRARIES = YES;
				ASSETCATALOG_COMPILER_APPICON_NAME = AppIcon;
				CLANG_ENABLE_MODULES = YES;
				CODE_SIGN_ENTITLEMENTS = Lisk/Lisk.entitlements;
				CODE_SIGN_IDENTITY = "iPhone Developer";
				CURRENT_PROJECT_VERSION = 3;
				DEVELOPMENT_TEAM = 58UK9RE9TP;
				HEADER_SEARCH_PATHS = (
					"$(inherited)",
					"$(SRCROOT)/../node_modules/lottie-ios/lottie-ios/Classes/**",
					"$(SRCROOT)/../node_modules/lottie-react-native/src/ios/LottieReactNative",
					"$(SRCROOT)/../node_modules/react-native-splash-screen/ios/**",
					"$(SRCROOT)/../node_modules/react-native-permissions/ios/**",
					"$(SRCROOT)/../node_modules/react-native-app-settings/ios",
					"$(SRCROOT)/../node_modules/react-native-blur-overlay/ios",
					"$(SRCROOT)/../node_modules/react-native-haptic-feedback/ios",
					"$(SRCROOT)/../node_modules/react-native-quick-actions/RNQuickAction/RNQuickAction",
					"$(SRCROOT)/../node_modules/react-native-shake/ios",
					"$(SRCROOT)/../node_modules/@react-native-community/async-storage/ios",
					"$(SRCROOT)/../node_modules/react-native-gesture-handler/ios/**",
					"$(SRCROOT)/../node_modules/react-native-reanimated/ios/**",
					"$(SRCROOT)/../node_modules/react-native-interactable/lib/ios/Interactable",
					"$(SRCROOT)/../node_modules/@react-native-community/netinfo/ios",
					"$(SRCROOT)/../node_modules/react-native-keyboard-input/lib/ios/**",
					"$(SRCROOT)/../node_modules/react-native-tcp/ios/**",
					"$(SRCROOT)/../node_modules/react-native/React/**",
					"$(SRCROOT)/../node_modules/react-native/React/Base/**",
				);
				INFOPLIST_FILE = Lisk/Info.plist;
				IPHONEOS_DEPLOYMENT_TARGET = 11.0;
				LD_RUNPATH_SEARCH_PATHS = "$(inherited) @executable_path/Frameworks";
				MARKETING_VERSION = 1.4.0;
				OTHER_LDFLAGS = (
					"$(inherited)",
					"-ObjC",
					"-lc++",
				);
				PRODUCT_BUNDLE_IDENTIFIER = io.lisk.mobile;
				PRODUCT_NAME = Lisk;
				SWIFT_OBJC_BRIDGING_HEADER = "Lisk-Bridging-Header.h";
				SWIFT_VERSION = 4.2;
				VERSIONING_SYSTEM = "apple-generic";
			};
			name = Release;
		};
		83CBBA201A601CBA00E9B192 /* Debug */ = {
			isa = XCBuildConfiguration;
			buildSettings = {
				ALWAYS_EMBED_SWIFT_STANDARD_LIBRARIES = YES;
				ALWAYS_SEARCH_USER_PATHS = NO;
				APPLICATION_EXTENSION_API_ONLY = NO;
				CLANG_CXX_LANGUAGE_STANDARD = "gnu++0x";
				CLANG_CXX_LIBRARY = "libc++";
				CLANG_ENABLE_MODULES = YES;
				CLANG_ENABLE_OBJC_ARC = YES;
				CLANG_WARN_BOOL_CONVERSION = YES;
				CLANG_WARN_CONSTANT_CONVERSION = YES;
				CLANG_WARN_DIRECT_OBJC_ISA_USAGE = YES_ERROR;
				CLANG_WARN_EMPTY_BODY = YES;
				CLANG_WARN_ENUM_CONVERSION = YES;
				CLANG_WARN_INT_CONVERSION = YES;
				CLANG_WARN_OBJC_ROOT_CLASS = YES_ERROR;
				CLANG_WARN_UNREACHABLE_CODE = YES;
				CLANG_WARN__DUPLICATE_METHOD_MATCH = YES;
				"CODE_SIGN_IDENTITY[sdk=iphoneos*]" = "iPhone Developer";
				COPY_PHASE_STRIP = NO;
				ENABLE_STRICT_OBJC_MSGSEND = YES;
				GCC_C_LANGUAGE_STANDARD = gnu99;
				GCC_DYNAMIC_NO_PIC = NO;
				GCC_OPTIMIZATION_LEVEL = 0;
				GCC_PREPROCESSOR_DEFINITIONS = (
					"DEBUG=1",
					"$(inherited)",
				);
				GCC_SYMBOLS_PRIVATE_EXTERN = NO;
				GCC_WARN_64_TO_32_BIT_CONVERSION = YES;
				GCC_WARN_ABOUT_RETURN_TYPE = YES_ERROR;
				GCC_WARN_UNDECLARED_SELECTOR = YES;
				GCC_WARN_UNINITIALIZED_AUTOS = YES_AGGRESSIVE;
				GCC_WARN_UNUSED_FUNCTION = YES;
				GCC_WARN_UNUSED_VARIABLE = YES;
				IPHONEOS_DEPLOYMENT_TARGET = 8.0;
				LIBRARY_SEARCH_PATHS = "$(TOOLCHAIN_DIR)/usr/lib/swift/$(PLATFORM_NAME)";
				MTL_ENABLE_DEBUG_INFO = YES;
				ONLY_ACTIVE_ARCH = YES;
				SDKROOT = iphoneos;
			};
			name = Debug;
		};
		83CBBA211A601CBA00E9B192 /* Release */ = {
			isa = XCBuildConfiguration;
			buildSettings = {
				ALWAYS_EMBED_SWIFT_STANDARD_LIBRARIES = YES;
				ALWAYS_SEARCH_USER_PATHS = NO;
				APPLICATION_EXTENSION_API_ONLY = NO;
				CLANG_CXX_LANGUAGE_STANDARD = "gnu++0x";
				CLANG_CXX_LIBRARY = "libc++";
				CLANG_ENABLE_MODULES = YES;
				CLANG_ENABLE_OBJC_ARC = YES;
				CLANG_WARN_BOOL_CONVERSION = YES;
				CLANG_WARN_CONSTANT_CONVERSION = YES;
				CLANG_WARN_DIRECT_OBJC_ISA_USAGE = YES_ERROR;
				CLANG_WARN_EMPTY_BODY = YES;
				CLANG_WARN_ENUM_CONVERSION = YES;
				CLANG_WARN_INT_CONVERSION = YES;
				CLANG_WARN_OBJC_ROOT_CLASS = YES_ERROR;
				CLANG_WARN_UNREACHABLE_CODE = YES;
				CLANG_WARN__DUPLICATE_METHOD_MATCH = YES;
				"CODE_SIGN_IDENTITY[sdk=iphoneos*]" = "iPhone Developer";
				COPY_PHASE_STRIP = YES;
				ENABLE_NS_ASSERTIONS = NO;
				ENABLE_STRICT_OBJC_MSGSEND = YES;
				GCC_C_LANGUAGE_STANDARD = gnu99;
				GCC_WARN_64_TO_32_BIT_CONVERSION = YES;
				GCC_WARN_ABOUT_RETURN_TYPE = YES_ERROR;
				GCC_WARN_UNDECLARED_SELECTOR = YES;
				GCC_WARN_UNINITIALIZED_AUTOS = YES_AGGRESSIVE;
				GCC_WARN_UNUSED_FUNCTION = YES;
				GCC_WARN_UNUSED_VARIABLE = YES;
				IPHONEOS_DEPLOYMENT_TARGET = 8.0;
				LIBRARY_SEARCH_PATHS = "$(TOOLCHAIN_DIR)/usr/lib/swift/$(PLATFORM_NAME)";
				MTL_ENABLE_DEBUG_INFO = NO;
				SDKROOT = iphoneos;
				VALIDATE_PRODUCT = YES;
			};
			name = Release;
		};
		AC7A833021EF4BDC004502E4 /* Debug */ = {
			isa = XCBuildConfiguration;
			baseConfigurationReference = 6B301DEE1AFA03A486ED5C11 /* Pods-LiskMessageExtension.debug.xcconfig */;
			buildSettings = {
				ALWAYS_EMBED_SWIFT_STANDARD_LIBRARIES = NO;
				ASSETCATALOG_COMPILER_APPICON_NAME = "iMessage App Icon";
				CLANG_ANALYZER_NONNULL = YES;
				CLANG_ANALYZER_NUMBER_OBJECT_CONVERSION = YES_AGGRESSIVE;
				CLANG_CXX_LANGUAGE_STANDARD = "gnu++14";
				CLANG_ENABLE_OBJC_WEAK = YES;
				CLANG_WARN_BLOCK_CAPTURE_AUTORELEASING = YES;
				CLANG_WARN_COMMA = YES;
				CLANG_WARN_DEPRECATED_OBJC_IMPLEMENTATIONS = YES;
				CLANG_WARN_DOCUMENTATION_COMMENTS = YES;
				CLANG_WARN_INFINITE_RECURSION = YES;
				CLANG_WARN_NON_LITERAL_NULL_CONVERSION = YES;
				CLANG_WARN_OBJC_IMPLICIT_RETAIN_SELF = YES;
				CLANG_WARN_OBJC_LITERAL_CONVERSION = YES;
				CLANG_WARN_RANGE_LOOP_ANALYSIS = YES;
				CLANG_WARN_STRICT_PROTOTYPES = YES;
				CLANG_WARN_SUSPICIOUS_MOVE = YES;
				CLANG_WARN_UNGUARDED_AVAILABILITY = YES_AGGRESSIVE;
				CODE_SIGN_ENTITLEMENTS = LiskMessageExtension/LiskMessageExtension.entitlements;
				CODE_SIGN_IDENTITY = "iPhone Developer";
				CODE_SIGN_STYLE = Automatic;
				CURRENT_PROJECT_VERSION = 3;
				DEBUG_INFORMATION_FORMAT = dwarf;
				DEVELOPMENT_TEAM = 58UK9RE9TP;
				ENABLE_TESTABILITY = YES;
				GCC_C_LANGUAGE_STANDARD = gnu11;
				GCC_NO_COMMON_BLOCKS = YES;
				HEADER_SEARCH_PATHS = (
					"$(inherited)",
					"$(SRCROOT)/../node_modules/react-native-quick-actions/RNQuickAction/RNQuickAction",
					"$(SRCROOT)/../node_modules/react-native-shake/ios",
					"$(SRCROOT)/../node_modules/@react-native-community/async-storage/ios",
					"$(SRCROOT)/../node_modules/react-native-gesture-handler/ios/**",
					"$(SRCROOT)/../node_modules/react-native-reanimated/ios/**",
					"$(SRCROOT)/../node_modules/react-native-interactable/lib/ios/Interactable",
					"$(SRCROOT)/../node_modules/@react-native-community/netinfo/ios",
					"$(SRCROOT)/../node_modules/react-native-keyboard-input/lib/ios/**",
					"$(SRCROOT)/../node_modules/react-native-tcp/ios/**",
					"$(SRCROOT)/../node_modules/react-native/React/**",
					"$(SRCROOT)/../node_modules/react-native/React/Base/**",
				);
				INFOPLIST_FILE = LiskMessageExtension/Info.plist;
				IPHONEOS_DEPLOYMENT_TARGET = 11.0;
				LD_RUNPATH_SEARCH_PATHS = "$(inherited) @executable_path/Frameworks @executable_path/../../Frameworks";
				LIBRARY_SEARCH_PATHS = "$(inherited)";
				MARKETING_VERSION = 1.4.0;
				MTL_ENABLE_DEBUG_INFO = INCLUDE_SOURCE;
				MTL_FAST_MATH = YES;
				OTHER_LDFLAGS = (
					"$(inherited)",
					"-ObjC",
					"-lc++",
				);
				PRODUCT_BUNDLE_IDENTIFIER = io.lisk.mobile.message;
				PRODUCT_NAME = "$(TARGET_NAME)";
				SKIP_INSTALL = YES;
				SWIFT_ACTIVE_COMPILATION_CONDITIONS = DEBUG;
				SWIFT_OBJC_BRIDGING_HEADER = "LiskMessageExtension/LiskMessageExtension-Bridging-Header.h";
				SWIFT_OPTIMIZATION_LEVEL = "-Onone";
				SWIFT_VERSION = 4.2;
				TARGETED_DEVICE_FAMILY = "1,2";
			};
			name = Debug;
		};
		AC7A833121EF4BDC004502E4 /* Release */ = {
			isa = XCBuildConfiguration;
			baseConfigurationReference = 236A3C30CC2B2CDD806B6810 /* Pods-LiskMessageExtension.release.xcconfig */;
			buildSettings = {
				ALWAYS_EMBED_SWIFT_STANDARD_LIBRARIES = NO;
				ASSETCATALOG_COMPILER_APPICON_NAME = "iMessage App Icon";
				CLANG_ANALYZER_NONNULL = YES;
				CLANG_ANALYZER_NUMBER_OBJECT_CONVERSION = YES_AGGRESSIVE;
				CLANG_CXX_LANGUAGE_STANDARD = "gnu++14";
				CLANG_ENABLE_OBJC_WEAK = YES;
				CLANG_WARN_BLOCK_CAPTURE_AUTORELEASING = YES;
				CLANG_WARN_COMMA = YES;
				CLANG_WARN_DEPRECATED_OBJC_IMPLEMENTATIONS = YES;
				CLANG_WARN_DOCUMENTATION_COMMENTS = YES;
				CLANG_WARN_INFINITE_RECURSION = YES;
				CLANG_WARN_NON_LITERAL_NULL_CONVERSION = YES;
				CLANG_WARN_OBJC_IMPLICIT_RETAIN_SELF = YES;
				CLANG_WARN_OBJC_LITERAL_CONVERSION = YES;
				CLANG_WARN_RANGE_LOOP_ANALYSIS = YES;
				CLANG_WARN_STRICT_PROTOTYPES = YES;
				CLANG_WARN_SUSPICIOUS_MOVE = YES;
				CLANG_WARN_UNGUARDED_AVAILABILITY = YES_AGGRESSIVE;
				CODE_SIGN_ENTITLEMENTS = LiskMessageExtension/LiskMessageExtension.entitlements;
				CODE_SIGN_IDENTITY = "iPhone Developer";
				CODE_SIGN_STYLE = Automatic;
				COPY_PHASE_STRIP = NO;
				CURRENT_PROJECT_VERSION = 3;
				DEBUG_INFORMATION_FORMAT = "dwarf-with-dsym";
				DEVELOPMENT_TEAM = 58UK9RE9TP;
				GCC_C_LANGUAGE_STANDARD = gnu11;
				GCC_NO_COMMON_BLOCKS = YES;
				HEADER_SEARCH_PATHS = (
					"$(inherited)",
					"$(SRCROOT)/../node_modules/react-native-quick-actions/RNQuickAction/RNQuickAction",
					"$(SRCROOT)/../node_modules/react-native-shake/ios",
					"$(SRCROOT)/../node_modules/@react-native-community/async-storage/ios",
					"$(SRCROOT)/../node_modules/react-native-gesture-handler/ios/**",
					"$(SRCROOT)/../node_modules/react-native-reanimated/ios/**",
					"$(SRCROOT)/../node_modules/react-native-interactable/lib/ios/Interactable",
					"$(SRCROOT)/../node_modules/@react-native-community/netinfo/ios",
					"$(SRCROOT)/../node_modules/react-native-keyboard-input/lib/ios/**",
					"$(SRCROOT)/../node_modules/react-native-tcp/ios/**",
					"$(SRCROOT)/../node_modules/react-native/React/**",
					"$(SRCROOT)/../node_modules/react-native/React/Base/**",
				);
				INFOPLIST_FILE = LiskMessageExtension/Info.plist;
				IPHONEOS_DEPLOYMENT_TARGET = 11.0;
				LD_RUNPATH_SEARCH_PATHS = "$(inherited) @executable_path/Frameworks @executable_path/../../Frameworks";
				LIBRARY_SEARCH_PATHS = "$(inherited)";
				MARKETING_VERSION = 1.4.0;
				MTL_FAST_MATH = YES;
				OTHER_LDFLAGS = (
					"$(inherited)",
					"-ObjC",
					"-lc++",
				);
				PRODUCT_BUNDLE_IDENTIFIER = io.lisk.mobile.message;
				PRODUCT_NAME = "$(TARGET_NAME)";
				SKIP_INSTALL = YES;
				SWIFT_OBJC_BRIDGING_HEADER = "LiskMessageExtension/LiskMessageExtension-Bridging-Header.h";
				SWIFT_OPTIMIZATION_LEVEL = "-Owholemodule";
				SWIFT_VERSION = 4.2;
				TARGETED_DEVICE_FAMILY = "1,2";
			};
			name = Release;
		};
/* End XCBuildConfiguration section */

/* Begin XCConfigurationList section */
		00E357021AD99517003FC87E /* Build configuration list for PBXNativeTarget "LiskTests" */ = {
			isa = XCConfigurationList;
			buildConfigurations = (
				00E356F61AD99517003FC87E /* Debug */,
				00E356F71AD99517003FC87E /* Release */,
			);
			defaultConfigurationIsVisible = 0;
			defaultConfigurationName = Release;
		};
		13B07F931A680F5B00A75B9A /* Build configuration list for PBXNativeTarget "Lisk" */ = {
			isa = XCConfigurationList;
			buildConfigurations = (
				13B07F941A680F5B00A75B9A /* Debug */,
				13B07F951A680F5B00A75B9A /* Release */,
			);
			defaultConfigurationIsVisible = 0;
			defaultConfigurationName = Release;
		};
		83CBB9FA1A601CBA00E9B192 /* Build configuration list for PBXProject "Lisk" */ = {
			isa = XCConfigurationList;
			buildConfigurations = (
				83CBBA201A601CBA00E9B192 /* Debug */,
				83CBBA211A601CBA00E9B192 /* Release */,
			);
			defaultConfigurationIsVisible = 0;
			defaultConfigurationName = Release;
		};
		AC7A837421EF4BDC004502E4 /* Build configuration list for PBXNativeTarget "LiskMessageExtension" */ = {
			isa = XCConfigurationList;
			buildConfigurations = (
				AC7A833021EF4BDC004502E4 /* Debug */,
				AC7A833121EF4BDC004502E4 /* Release */,
			);
			defaultConfigurationIsVisible = 0;
			defaultConfigurationName = Release;
		};
/* End XCConfigurationList section */
	};
	rootObject = 83CBB9F71A601CBA00E9B192 /* Project object */;
}
