PODS:
  - boost (1.76.0)
  - CocoaAsyncSocket (7.6.5)
  - DoubleConversion (1.1.6)
  - FBLazyVector (0.70.0)
  - FBReactNativeSpec (0.70.0):
    - RCT-Folly (= 2021.07.22.00)
    - RCTRequired (= 0.70.0)
    - RCTTypeSafety (= 0.70.0)
    - React-Core (= 0.70.0)
    - React-jsi (= 0.70.0)
    - ReactCommon/turbomodule/core (= 0.70.0)
  - Flipper (0.125.0):
    - Flipper-Folly (~> 2.6)
    - Flipper-RSocket (~> 1.4)
  - Flipper-Boost-iOSX (1.76.0.1.11)
  - Flipper-DoubleConversion (3.2.0.1)
  - Flipper-Fmt (7.1.7)
  - Flipper-Folly (2.6.10):
    - Flipper-Boost-iOSX
    - Flipper-DoubleConversion
    - Flipper-Fmt (= 7.1.7)
    - Flipper-Glog
    - libevent (~> 2.1.12)
    - OpenSSL-Universal (= 1.1.1100)
  - Flipper-Glog (0.5.0.5)
  - Flipper-PeerTalk (0.0.4)
  - Flipper-RSocket (1.4.3):
    - Flipper-Folly (~> 2.6)
  - FlipperKit (0.125.0):
    - FlipperKit/Core (= 0.125.0)
  - FlipperKit/Core (0.125.0):
    - Flipper (~> 0.125.0)
    - FlipperKit/CppBridge
    - FlipperKit/FBCxxFollyDynamicConvert
    - FlipperKit/FBDefines
    - FlipperKit/FKPortForwarding
    - SocketRocket (~> 0.6.0)
  - FlipperKit/CppBridge (0.125.0):
    - Flipper (~> 0.125.0)
  - FlipperKit/FBCxxFollyDynamicConvert (0.125.0):
    - Flipper-Folly (~> 2.6)
  - FlipperKit/FBDefines (0.125.0)
  - FlipperKit/FKPortForwarding (0.125.0):
    - CocoaAsyncSocket (~> 7.6)
    - Flipper-PeerTalk (~> 0.0.4)
  - FlipperKit/FlipperKitHighlightOverlay (0.125.0)
  - FlipperKit/FlipperKitLayoutHelpers (0.125.0):
    - FlipperKit/Core
    - FlipperKit/FlipperKitHighlightOverlay
    - FlipperKit/FlipperKitLayoutTextSearchable
  - FlipperKit/FlipperKitLayoutIOSDescriptors (0.125.0):
    - FlipperKit/Core
    - FlipperKit/FlipperKitHighlightOverlay
    - FlipperKit/FlipperKitLayoutHelpers
    - YogaKit (~> 1.18)
  - FlipperKit/FlipperKitLayoutPlugin (0.125.0):
    - FlipperKit/Core
    - FlipperKit/FlipperKitHighlightOverlay
    - FlipperKit/FlipperKitLayoutHelpers
    - FlipperKit/FlipperKitLayoutIOSDescriptors
    - FlipperKit/FlipperKitLayoutTextSearchable
    - YogaKit (~> 1.18)
  - FlipperKit/FlipperKitLayoutTextSearchable (0.125.0)
  - FlipperKit/FlipperKitNetworkPlugin (0.125.0):
    - FlipperKit/Core
  - FlipperKit/FlipperKitReactPlugin (0.125.0):
    - FlipperKit/Core
  - FlipperKit/FlipperKitUserDefaultsPlugin (0.125.0):
    - FlipperKit/Core
  - FlipperKit/SKIOSNetworkPlugin (0.125.0):
    - FlipperKit/Core
    - FlipperKit/FlipperKitNetworkPlugin
  - fmt (6.2.1)
  - glog (0.3.5)
  - hermes-engine (0.70.0)
  - Interactable (2.0.1):
    - React
  - libevent (2.1.12)
  - OpenSSL-Universal (1.1.1100)
  - Permission-BluetoothPeripheral (3.0.1):
    - RNPermissions
  - Permission-Calendars (3.0.1):
    - RNPermissions
  - Permission-Camera (3.0.1):
    - RNPermissions
  - Permission-Contacts (3.0.1):
    - RNPermissions
  - Permission-FaceID (3.0.1):
    - RNPermissions
  - Permission-PhotoLibrary (3.0.1):
    - RNPermissions
  - RCT-Folly (2021.07.22.00):
    - boost
    - DoubleConversion
    - fmt (~> 6.2.1)
    - glog
    - RCT-Folly/Default (= 2021.07.22.00)
  - RCT-Folly/Default (2021.07.22.00):
    - boost
    - DoubleConversion
    - fmt (~> 6.2.1)
    - glog
  - RCT-Folly/Futures (2021.07.22.00):
    - boost
    - DoubleConversion
    - fmt (~> 6.2.1)
    - glog
    - libevent
  - RCTRequired (0.70.0)
  - RCTTypeSafety (0.70.0):
    - FBLazyVector (= 0.70.0)
    - RCTRequired (= 0.70.0)
    - React-Core (= 0.70.0)
  - React (0.70.0):
    - React-Core (= 0.70.0)
    - React-Core/DevSupport (= 0.70.0)
    - React-Core/RCTWebSocket (= 0.70.0)
    - React-RCTActionSheet (= 0.70.0)
    - React-RCTAnimation (= 0.70.0)
    - React-RCTBlob (= 0.70.0)
    - React-RCTImage (= 0.70.0)
    - React-RCTLinking (= 0.70.0)
    - React-RCTNetwork (= 0.70.0)
    - React-RCTSettings (= 0.70.0)
    - React-RCTText (= 0.70.0)
    - React-RCTVibration (= 0.70.0)
  - React-bridging (0.70.0):
    - RCT-Folly (= 2021.07.22.00)
    - React-jsi (= 0.70.0)
  - React-callinvoker (0.70.0)
  - React-Codegen (0.70.0):
    - FBReactNativeSpec (= 0.70.0)
    - RCT-Folly (= 2021.07.22.00)
    - RCTRequired (= 0.70.0)
    - RCTTypeSafety (= 0.70.0)
    - React-Core (= 0.70.0)
    - React-jsi (= 0.70.0)
    - React-jsiexecutor (= 0.70.0)
    - ReactCommon/turbomodule/core (= 0.70.0)
  - React-Core (0.70.0):
    - glog
    - RCT-Folly (= 2021.07.22.00)
    - React-Core/Default (= 0.70.0)
    - React-cxxreact (= 0.70.0)
    - React-jsi (= 0.70.0)
    - React-jsiexecutor (= 0.70.0)
    - React-perflogger (= 0.70.0)
    - Yoga
  - React-Core/CoreModulesHeaders (0.70.0):
    - glog
    - RCT-Folly (= 2021.07.22.00)
    - React-Core/Default
    - React-cxxreact (= 0.70.0)
    - React-jsi (= 0.70.0)
    - React-jsiexecutor (= 0.70.0)
    - React-perflogger (= 0.70.0)
    - Yoga
  - React-Core/Default (0.70.0):
    - glog
    - RCT-Folly (= 2021.07.22.00)
    - React-cxxreact (= 0.70.0)
    - React-jsi (= 0.70.0)
    - React-jsiexecutor (= 0.70.0)
    - React-perflogger (= 0.70.0)
    - Yoga
  - React-Core/DevSupport (0.70.0):
    - glog
    - RCT-Folly (= 2021.07.22.00)
    - React-Core/Default (= 0.70.0)
    - React-Core/RCTWebSocket (= 0.70.0)
    - React-cxxreact (= 0.70.0)
    - React-jsi (= 0.70.0)
    - React-jsiexecutor (= 0.70.0)
    - React-jsinspector (= 0.70.0)
    - React-perflogger (= 0.70.0)
    - Yoga
  - React-Core/RCTActionSheetHeaders (0.70.0):
    - glog
    - RCT-Folly (= 2021.07.22.00)
    - React-Core/Default
    - React-cxxreact (= 0.70.0)
    - React-jsi (= 0.70.0)
    - React-jsiexecutor (= 0.70.0)
    - React-perflogger (= 0.70.0)
    - Yoga
  - React-Core/RCTAnimationHeaders (0.70.0):
    - glog
    - RCT-Folly (= 2021.07.22.00)
    - React-Core/Default
    - React-cxxreact (= 0.70.0)
    - React-jsi (= 0.70.0)
    - React-jsiexecutor (= 0.70.0)
    - React-perflogger (= 0.70.0)
    - Yoga
  - React-Core/RCTBlobHeaders (0.70.0):
    - glog
    - RCT-Folly (= 2021.07.22.00)
    - React-Core/Default
    - React-cxxreact (= 0.70.0)
    - React-jsi (= 0.70.0)
    - React-jsiexecutor (= 0.70.0)
    - React-perflogger (= 0.70.0)
    - Yoga
  - React-Core/RCTImageHeaders (0.70.0):
    - glog
    - RCT-Folly (= 2021.07.22.00)
    - React-Core/Default
    - React-cxxreact (= 0.70.0)
    - React-jsi (= 0.70.0)
    - React-jsiexecutor (= 0.70.0)
    - React-perflogger (= 0.70.0)
    - Yoga
  - React-Core/RCTLinkingHeaders (0.70.0):
    - glog
    - RCT-Folly (= 2021.07.22.00)
    - React-Core/Default
    - React-cxxreact (= 0.70.0)
    - React-jsi (= 0.70.0)
    - React-jsiexecutor (= 0.70.0)
    - React-perflogger (= 0.70.0)
    - Yoga
  - React-Core/RCTNetworkHeaders (0.70.0):
    - glog
    - RCT-Folly (= 2021.07.22.00)
    - React-Core/Default
    - React-cxxreact (= 0.70.0)
    - React-jsi (= 0.70.0)
    - React-jsiexecutor (= 0.70.0)
    - React-perflogger (= 0.70.0)
    - Yoga
  - React-Core/RCTSettingsHeaders (0.70.0):
    - glog
    - RCT-Folly (= 2021.07.22.00)
    - React-Core/Default
    - React-cxxreact (= 0.70.0)
    - React-jsi (= 0.70.0)
    - React-jsiexecutor (= 0.70.0)
    - React-perflogger (= 0.70.0)
    - Yoga
  - React-Core/RCTTextHeaders (0.70.0):
    - glog
    - RCT-Folly (= 2021.07.22.00)
    - React-Core/Default
    - React-cxxreact (= 0.70.0)
    - React-jsi (= 0.70.0)
    - React-jsiexecutor (= 0.70.0)
    - React-perflogger (= 0.70.0)
    - Yoga
  - React-Core/RCTVibrationHeaders (0.70.0):
    - glog
    - RCT-Folly (= 2021.07.22.00)
    - React-Core/Default
    - React-cxxreact (= 0.70.0)
    - React-jsi (= 0.70.0)
    - React-jsiexecutor (= 0.70.0)
    - React-perflogger (= 0.70.0)
    - Yoga
  - React-Core/RCTWebSocket (0.70.0):
    - glog
    - RCT-Folly (= 2021.07.22.00)
    - React-Core/Default (= 0.70.0)
    - React-cxxreact (= 0.70.0)
    - React-jsi (= 0.70.0)
    - React-jsiexecutor (= 0.70.0)
    - React-perflogger (= 0.70.0)
    - Yoga
  - React-CoreModules (0.70.0):
    - RCT-Folly (= 2021.07.22.00)
    - RCTTypeSafety (= 0.70.0)
    - React-Codegen (= 0.70.0)
    - React-Core/CoreModulesHeaders (= 0.70.0)
    - React-jsi (= 0.70.0)
    - React-RCTImage (= 0.70.0)
    - ReactCommon/turbomodule/core (= 0.70.0)
  - React-cxxreact (0.70.0):
    - boost (= 1.76.0)
    - DoubleConversion
    - glog
    - RCT-Folly (= 2021.07.22.00)
    - React-callinvoker (= 0.70.0)
    - React-jsi (= 0.70.0)
    - React-jsinspector (= 0.70.0)
    - React-logger (= 0.70.0)
    - React-perflogger (= 0.70.0)
    - React-runtimeexecutor (= 0.70.0)
  - React-hermes (0.70.0):
    - DoubleConversion
    - glog
    - hermes-engine
    - RCT-Folly (= 2021.07.22.00)
    - RCT-Folly/Futures (= 2021.07.22.00)
    - React-cxxreact (= 0.70.0)
    - React-jsi (= 0.70.0)
    - React-jsiexecutor (= 0.70.0)
    - React-jsinspector (= 0.70.0)
    - React-perflogger (= 0.70.0)
  - React-jsi (0.70.0):
    - boost (= 1.76.0)
    - DoubleConversion
    - glog
    - RCT-Folly (= 2021.07.22.00)
    - React-jsi/Default (= 0.70.0)
  - React-jsi/Default (0.70.0):
    - boost (= 1.76.0)
    - DoubleConversion
    - glog
    - RCT-Folly (= 2021.07.22.00)
  - React-jsiexecutor (0.70.0):
    - DoubleConversion
    - glog
    - RCT-Folly (= 2021.07.22.00)
    - React-cxxreact (= 0.70.0)
    - React-jsi (= 0.70.0)
    - React-perflogger (= 0.70.0)
  - React-jsinspector (0.70.0)
  - React-logger (0.70.0):
    - glog
  - react-native-background-timer (2.4.1):
    - React-Core
  - react-native-camera (3.43.0):
    - React-Core
    - react-native-camera/RCT (= 3.43.0)
    - react-native-camera/RN (= 3.43.0)
  - react-native-camera/RCT (3.43.0):
    - React-Core
  - react-native-camera/RN (3.43.0):
    - React-Core
  - react-native-cameraroll (4.1.2):
    - React-Core
  - react-native-document-picker (8.1.1):
    - React-Core
  - react-native-fingerprint-scanner (6.0.0):
    - React
  - react-native-netinfo (6.0.0):
    - React-Core
  - react-native-randombytes (3.6.1):
    - React-Core
  - react-native-safe-area-context (3.3.2):
    - React-Core
  - react-native-shake (3.5.0):
    - React-Core
  - react-native-splash-screen (3.2.0):
    - React
  - react-native-webview (11.23.1):
    - React-Core
  - React-perflogger (0.70.0)
  - React-RCTActionSheet (0.70.0):
    - React-Core/RCTActionSheetHeaders (= 0.70.0)
  - React-RCTAnimation (0.70.0):
    - RCT-Folly (= 2021.07.22.00)
    - RCTTypeSafety (= 0.70.0)
    - React-Codegen (= 0.70.0)
    - React-Core/RCTAnimationHeaders (= 0.70.0)
    - React-jsi (= 0.70.0)
    - ReactCommon/turbomodule/core (= 0.70.0)
  - React-RCTBlob (0.70.0):
    - RCT-Folly (= 2021.07.22.00)
    - React-Codegen (= 0.70.0)
    - React-Core/RCTBlobHeaders (= 0.70.0)
    - React-Core/RCTWebSocket (= 0.70.0)
    - React-jsi (= 0.70.0)
    - React-RCTNetwork (= 0.70.0)
    - ReactCommon/turbomodule/core (= 0.70.0)
  - React-RCTImage (0.70.0):
    - RCT-Folly (= 2021.07.22.00)
    - RCTTypeSafety (= 0.70.0)
    - React-Codegen (= 0.70.0)
    - React-Core/RCTImageHeaders (= 0.70.0)
    - React-jsi (= 0.70.0)
    - React-RCTNetwork (= 0.70.0)
    - ReactCommon/turbomodule/core (= 0.70.0)
  - React-RCTLinking (0.70.0):
    - React-Codegen (= 0.70.0)
    - React-Core/RCTLinkingHeaders (= 0.70.0)
    - React-jsi (= 0.70.0)
    - ReactCommon/turbomodule/core (= 0.70.0)
  - React-RCTNetwork (0.70.0):
    - RCT-Folly (= 2021.07.22.00)
    - RCTTypeSafety (= 0.70.0)
    - React-Codegen (= 0.70.0)
    - React-Core/RCTNetworkHeaders (= 0.70.0)
    - React-jsi (= 0.70.0)
    - ReactCommon/turbomodule/core (= 0.70.0)
  - React-RCTSettings (0.70.0):
    - RCT-Folly (= 2021.07.22.00)
    - RCTTypeSafety (= 0.70.0)
    - React-Codegen (= 0.70.0)
    - React-Core/RCTSettingsHeaders (= 0.70.0)
    - React-jsi (= 0.70.0)
    - ReactCommon/turbomodule/core (= 0.70.0)
  - React-RCTText (0.70.0):
    - React-Core/RCTTextHeaders (= 0.70.0)
  - React-RCTVibration (0.70.0):
    - RCT-Folly (= 2021.07.22.00)
    - React-Codegen (= 0.70.0)
    - React-Core/RCTVibrationHeaders (= 0.70.0)
    - React-jsi (= 0.70.0)
    - ReactCommon/turbomodule/core (= 0.70.0)
  - React-runtimeexecutor (0.70.0):
    - React-jsi (= 0.70.0)
  - ReactCommon/turbomodule/core (0.70.0):
    - DoubleConversion
    - glog
    - RCT-Folly (= 2021.07.22.00)
    - React-bridging (= 0.70.0)
    - React-callinvoker (= 0.70.0)
    - React-Core (= 0.70.0)
    - React-cxxreact (= 0.70.0)
    - React-jsi (= 0.70.0)
    - React-logger (= 0.70.0)
    - React-perflogger (= 0.70.0)
  - ReactNativeART (1.2.0):
    - React
  - ReactNativeKeyboardTrackingView (5.7.0):
    - React
  - RNCAsyncStorage (1.15.8):
    - React-Core
  - RNDeviceInfo (8.0.2):
    - React-Core
  - RNFS (2.20.0):
    - React-Core
  - RNGestureHandler (1.10.3):
    - React-Core
  - RNKeychain (6.2.0):
    - React
  - RNOpenAppSettings (1.0.0):
    - React
  - RNOS (1.2.6):
    - React
  - RNPermissions (3.0.1):
    - React-Core
  - RNReactNativeHapticFeedback (1.11.0):
    - React-Core
  - RNScreens (2.18.1):
    - React-Core
  - RNShare (7.5.0):
    - React-Core
  - RNSVG (12.1.0):
    - React
  - RNVectorIcons (8.1.0):
    - React-Core
  - SocketRocket (0.6.0)
  - Yoga (1.14.0)
  - YogaKit (1.18.1):
    - Yoga (~> 1.14)

DEPENDENCIES:
  - boost (from `../node_modules/react-native/third-party-podspecs/boost.podspec`)
  - DoubleConversion (from `../node_modules/react-native/third-party-podspecs/DoubleConversion.podspec`)
  - FBLazyVector (from `../node_modules/react-native/Libraries/FBLazyVector`)
  - FBReactNativeSpec (from `../node_modules/react-native/React/FBReactNativeSpec`)
  - Flipper (= 0.125.0)
  - Flipper-Boost-iOSX (= 1.76.0.1.11)
  - Flipper-DoubleConversion (= 3.2.0.1)
  - Flipper-Fmt (= 7.1.7)
  - Flipper-Folly (= 2.6.10)
  - Flipper-Glog (= 0.5.0.5)
  - Flipper-PeerTalk (= 0.0.4)
  - Flipper-RSocket (= 1.4.3)
  - FlipperKit (= 0.125.0)
  - FlipperKit/Core (= 0.125.0)
  - FlipperKit/CppBridge (= 0.125.0)
  - FlipperKit/FBCxxFollyDynamicConvert (= 0.125.0)
  - FlipperKit/FBDefines (= 0.125.0)
  - FlipperKit/FKPortForwarding (= 0.125.0)
  - FlipperKit/FlipperKitHighlightOverlay (= 0.125.0)
  - FlipperKit/FlipperKitLayoutPlugin (= 0.125.0)
  - FlipperKit/FlipperKitLayoutTextSearchable (= 0.125.0)
  - FlipperKit/FlipperKitNetworkPlugin (= 0.125.0)
  - FlipperKit/FlipperKitReactPlugin (= 0.125.0)
  - FlipperKit/FlipperKitUserDefaultsPlugin (= 0.125.0)
  - FlipperKit/SKIOSNetworkPlugin (= 0.125.0)
  - glog (from `../node_modules/react-native/third-party-podspecs/glog.podspec`)
  - hermes-engine (from `../node_modules/react-native/sdks/hermes/hermes-engine.podspec`)
  - Interactable (from `../node_modules/react-native-interactable`)
  - libevent (~> 2.1.12)
  - OpenSSL-Universal (= 1.1.1100)
  - Permission-BluetoothPeripheral (from `../node_modules/react-native-permissions/ios/BluetoothPeripheral`)
  - Permission-Calendars (from `../node_modules/react-native-permissions/ios/Calendars`)
  - Permission-Camera (from `../node_modules/react-native-permissions/ios/Camera`)
  - Permission-Contacts (from `../node_modules/react-native-permissions/ios/Contacts`)
  - Permission-FaceID (from `../node_modules/react-native-permissions/ios/FaceID`)
  - Permission-PhotoLibrary (from `../node_modules/react-native-permissions/ios/PhotoLibrary`)
  - RCT-Folly (from `../node_modules/react-native/third-party-podspecs/RCT-Folly.podspec`)
  - RCTRequired (from `../node_modules/react-native/Libraries/RCTRequired`)
  - RCTTypeSafety (from `../node_modules/react-native/Libraries/TypeSafety`)
  - React (from `../node_modules/react-native/`)
  - React-bridging (from `../node_modules/react-native/ReactCommon`)
  - React-callinvoker (from `../node_modules/react-native/ReactCommon/callinvoker`)
  - React-Codegen (from `build/generated/ios`)
  - React-Core (from `../node_modules/react-native/`)
  - React-Core/DevSupport (from `../node_modules/react-native/`)
  - React-Core/RCTWebSocket (from `../node_modules/react-native/`)
  - React-CoreModules (from `../node_modules/react-native/React/CoreModules`)
  - React-cxxreact (from `../node_modules/react-native/ReactCommon/cxxreact`)
  - React-hermes (from `../node_modules/react-native/ReactCommon/hermes`)
  - React-jsi (from `../node_modules/react-native/ReactCommon/jsi`)
  - React-jsiexecutor (from `../node_modules/react-native/ReactCommon/jsiexecutor`)
  - React-jsinspector (from `../node_modules/react-native/ReactCommon/jsinspector`)
  - React-logger (from `../node_modules/react-native/ReactCommon/logger`)
  - react-native-background-timer (from `../node_modules/react-native-background-timer`)
  - react-native-camera (from `../node_modules/react-native-camera`)
  - "react-native-cameraroll (from `../node_modules/@react-native-community/cameraroll`)"
  - react-native-document-picker (from `../node_modules/react-native-document-picker`)
  - react-native-fingerprint-scanner (from `../node_modules/react-native-fingerprint-scanner`)
  - "react-native-netinfo (from `../node_modules/@react-native-community/netinfo`)"
  - react-native-randombytes (from `../node_modules/react-native-randombytes`)
  - react-native-safe-area-context (from `../node_modules/react-native-safe-area-context`)
  - react-native-shake (from `../node_modules/react-native-shake`)
  - react-native-splash-screen (from `../node_modules/react-native-splash-screen`)
  - react-native-webview (from `../node_modules/react-native-webview`)
  - React-perflogger (from `../node_modules/react-native/ReactCommon/reactperflogger`)
  - React-RCTActionSheet (from `../node_modules/react-native/Libraries/ActionSheetIOS`)
  - React-RCTAnimation (from `../node_modules/react-native/Libraries/NativeAnimation`)
  - React-RCTBlob (from `../node_modules/react-native/Libraries/Blob`)
  - React-RCTImage (from `../node_modules/react-native/Libraries/Image`)
  - React-RCTLinking (from `../node_modules/react-native/Libraries/LinkingIOS`)
  - React-RCTNetwork (from `../node_modules/react-native/Libraries/Network`)
  - React-RCTSettings (from `../node_modules/react-native/Libraries/Settings`)
  - React-RCTText (from `../node_modules/react-native/Libraries/Text`)
  - React-RCTVibration (from `../node_modules/react-native/Libraries/Vibration`)
  - React-runtimeexecutor (from `../node_modules/react-native/ReactCommon/runtimeexecutor`)
  - ReactCommon/turbomodule/core (from `../node_modules/react-native/ReactCommon`)
  - "ReactNativeART (from `../node_modules/@react-native-community/art`)"
  - ReactNativeKeyboardTrackingView (from `../node_modules/react-native-keyboard-tracking-view`)
  - "RNCAsyncStorage (from `../node_modules/@react-native-async-storage/async-storage`)"
  - RNDeviceInfo (from `../node_modules/react-native-device-info`)
  - RNFS (from `../node_modules/react-native-fs`)
  - RNGestureHandler (from `../node_modules/react-native-gesture-handler`)
  - RNKeychain (from `../node_modules/react-native-keychain`)
  - RNOpenAppSettings (from `../node_modules/react-native-app-settings`)
  - RNOS (from `../node_modules/react-native-os`)
  - RNPermissions (from `../node_modules/react-native-permissions`)
  - RNReactNativeHapticFeedback (from `../node_modules/react-native-haptic-feedback`)
  - RNScreens (from `../node_modules/react-native-screens`)
  - RNShare (from `../node_modules/react-native-share`)
  - RNSVG (from `../node_modules/react-native-svg`)
  - RNVectorIcons (from `../node_modules/react-native-vector-icons`)
  - Yoga (from `../node_modules/react-native/ReactCommon/yoga`)

SPEC REPOS:
  trunk:
    - CocoaAsyncSocket
    - Flipper
    - Flipper-Boost-iOSX
    - Flipper-DoubleConversion
    - Flipper-Fmt
    - Flipper-Folly
    - Flipper-Glog
    - Flipper-PeerTalk
    - Flipper-RSocket
    - FlipperKit
    - fmt
    - libevent
    - OpenSSL-Universal
    - SocketRocket
    - YogaKit

EXTERNAL SOURCES:
  boost:
    :podspec: "../node_modules/react-native/third-party-podspecs/boost.podspec"
  DoubleConversion:
    :podspec: "../node_modules/react-native/third-party-podspecs/DoubleConversion.podspec"
  FBLazyVector:
    :path: "../node_modules/react-native/Libraries/FBLazyVector"
  FBReactNativeSpec:
    :path: "../node_modules/react-native/React/FBReactNativeSpec"
  glog:
    :podspec: "../node_modules/react-native/third-party-podspecs/glog.podspec"
  hermes-engine:
    :podspec: "../node_modules/react-native/sdks/hermes/hermes-engine.podspec"
  Interactable:
    :path: "../node_modules/react-native-interactable"
  Permission-BluetoothPeripheral:
    :path: "../node_modules/react-native-permissions/ios/BluetoothPeripheral"
  Permission-Calendars:
    :path: "../node_modules/react-native-permissions/ios/Calendars"
  Permission-Camera:
    :path: "../node_modules/react-native-permissions/ios/Camera"
  Permission-Contacts:
    :path: "../node_modules/react-native-permissions/ios/Contacts"
  Permission-FaceID:
    :path: "../node_modules/react-native-permissions/ios/FaceID"
  Permission-PhotoLibrary:
    :path: "../node_modules/react-native-permissions/ios/PhotoLibrary"
  RCT-Folly:
    :podspec: "../node_modules/react-native/third-party-podspecs/RCT-Folly.podspec"
  RCTRequired:
    :path: "../node_modules/react-native/Libraries/RCTRequired"
  RCTTypeSafety:
    :path: "../node_modules/react-native/Libraries/TypeSafety"
  React:
    :path: "../node_modules/react-native/"
  React-bridging:
    :path: "../node_modules/react-native/ReactCommon"
  React-callinvoker:
    :path: "../node_modules/react-native/ReactCommon/callinvoker"
  React-Codegen:
    :path: build/generated/ios
  React-Core:
    :path: "../node_modules/react-native/"
  React-CoreModules:
    :path: "../node_modules/react-native/React/CoreModules"
  React-cxxreact:
    :path: "../node_modules/react-native/ReactCommon/cxxreact"
  React-hermes:
    :path: "../node_modules/react-native/ReactCommon/hermes"
  React-jsi:
    :path: "../node_modules/react-native/ReactCommon/jsi"
  React-jsiexecutor:
    :path: "../node_modules/react-native/ReactCommon/jsiexecutor"
  React-jsinspector:
    :path: "../node_modules/react-native/ReactCommon/jsinspector"
  React-logger:
    :path: "../node_modules/react-native/ReactCommon/logger"
  react-native-background-timer:
    :path: "../node_modules/react-native-background-timer"
  react-native-camera:
    :path: "../node_modules/react-native-camera"
  react-native-cameraroll:
    :path: "../node_modules/@react-native-community/cameraroll"
  react-native-document-picker:
    :path: "../node_modules/react-native-document-picker"
  react-native-fingerprint-scanner:
    :path: "../node_modules/react-native-fingerprint-scanner"
  react-native-netinfo:
    :path: "../node_modules/@react-native-community/netinfo"
  react-native-randombytes:
    :path: "../node_modules/react-native-randombytes"
  react-native-safe-area-context:
    :path: "../node_modules/react-native-safe-area-context"
  react-native-shake:
    :path: "../node_modules/react-native-shake"
  react-native-splash-screen:
    :path: "../node_modules/react-native-splash-screen"
  react-native-webview:
    :path: "../node_modules/react-native-webview"
  React-perflogger:
    :path: "../node_modules/react-native/ReactCommon/reactperflogger"
  React-RCTActionSheet:
    :path: "../node_modules/react-native/Libraries/ActionSheetIOS"
  React-RCTAnimation:
    :path: "../node_modules/react-native/Libraries/NativeAnimation"
  React-RCTBlob:
    :path: "../node_modules/react-native/Libraries/Blob"
  React-RCTImage:
    :path: "../node_modules/react-native/Libraries/Image"
  React-RCTLinking:
    :path: "../node_modules/react-native/Libraries/LinkingIOS"
  React-RCTNetwork:
    :path: "../node_modules/react-native/Libraries/Network"
  React-RCTSettings:
    :path: "../node_modules/react-native/Libraries/Settings"
  React-RCTText:
    :path: "../node_modules/react-native/Libraries/Text"
  React-RCTVibration:
    :path: "../node_modules/react-native/Libraries/Vibration"
  React-runtimeexecutor:
    :path: "../node_modules/react-native/ReactCommon/runtimeexecutor"
  ReactCommon:
    :path: "../node_modules/react-native/ReactCommon"
  ReactNativeART:
    :path: "../node_modules/@react-native-community/art"
  ReactNativeKeyboardTrackingView:
    :path: "../node_modules/react-native-keyboard-tracking-view"
  RNCAsyncStorage:
    :path: "../node_modules/@react-native-async-storage/async-storage"
  RNDeviceInfo:
    :path: "../node_modules/react-native-device-info"
  RNFS:
    :path: "../node_modules/react-native-fs"
  RNGestureHandler:
    :path: "../node_modules/react-native-gesture-handler"
  RNKeychain:
    :path: "../node_modules/react-native-keychain"
  RNOpenAppSettings:
    :path: "../node_modules/react-native-app-settings"
  RNOS:
    :path: "../node_modules/react-native-os"
  RNPermissions:
    :path: "../node_modules/react-native-permissions"
  RNReactNativeHapticFeedback:
    :path: "../node_modules/react-native-haptic-feedback"
  RNScreens:
    :path: "../node_modules/react-native-screens"
  RNShare:
    :path: "../node_modules/react-native-share"
  RNSVG:
    :path: "../node_modules/react-native-svg"
  RNVectorIcons:
    :path: "../node_modules/react-native-vector-icons"
  Yoga:
    :path: "../node_modules/react-native/ReactCommon/yoga"

SPEC CHECKSUMS:
  boost: a7c83b31436843459a1961bfd74b96033dc77234
  CocoaAsyncSocket: 065fd1e645c7abab64f7a6a2007a48038fdc6a99
  DoubleConversion: 5189b271737e1565bdce30deb4a08d647e3f5f54
  FBLazyVector: 6c76fe46345039d5cf0549e9ddaf5aa169630a4a
  FBReactNativeSpec: 1a270246542f5c52248cb26a96db119cfe3cb760
  Flipper: 26fc4b7382499f1281eb8cb921e5c3ad6de91fe0
  Flipper-Boost-iOSX: fd1e2b8cbef7e662a122412d7ac5f5bea715403c
  Flipper-DoubleConversion: 2dc99b02f658daf147069aad9dbd29d8feb06d30
  Flipper-Fmt: 60cbdd92fc254826e61d669a5d87ef7015396a9b
  Flipper-Folly: 584845625005ff068a6ebf41f857f468decd26b3
  Flipper-Glog: 70c50ce58ddaf67dc35180db05f191692570f446
  Flipper-PeerTalk: 116d8f857dc6ef55c7a5a75ea3ceaafe878aadc9
  Flipper-RSocket: d9d9ade67cbecf6ac10730304bf5607266dd2541
  FlipperKit: cbdee19bdd4e7f05472a66ce290f1b729ba3cb86
  fmt: ff9d55029c625d3757ed641535fd4a75fedc7ce9
  glog: 04b94705f318337d7ead9e6d17c019bd9b1f6b1b
  hermes-engine: 8e84f1284180801c1a1b241f443ba64f931ff561
  Interactable: 411887c89fa16ac41f8e7898aca06dcad55e5f22
  libevent: 4049cae6c81cdb3654a443be001fb9bdceff7913
  OpenSSL-Universal: ebc357f1e6bc71fa463ccb2fe676756aff50e88c
  Permission-BluetoothPeripheral: 9f0bd529583f759e49fdc60eaa1191b8be69f709
  Permission-Calendars: beecff003fc9fa36979f95e19cfcd54ba26a5ddf
  Permission-Camera: b2e50546c095139bb1264be9c34c796332340d32
  Permission-Contacts: db364c0086fc1fa1d5af33256cf9ab6ff2336ed1
  Permission-FaceID: 6db862861e789c479daf88431b5f8f5f3436a65d
  Permission-PhotoLibrary: 29a07bdd077ae760363f73ab52d22a7b88cbd781
  RCT-Folly: 0080d0a6ebf2577475bda044aa59e2ca1f909cda
  RCTRequired: d0e501e8024056451424aa341daa078c0c620b0d
  RCTTypeSafety: 14a3928ef69eeb4e5bb4f36fefb5ed6a392643ac
  React: a76fa5a8f540c9625fc16cfb3a7bbae9877716d5
  React-bridging: 3b8c4365cf22dc668cb4f29eafd83ace49a87835
  React-callinvoker: 0b108cf2d78be04f46f5e5fff53acfd019f8b9ab
  React-Codegen: 2f3419b3a3c825ccb6a399bcf0db53b9761235ed
  React-Core: 0a760f00a2cf3f44324266c227b01594f95ef7a0
  React-CoreModules: 4c5bc80e046efcb695d826ba276567051f91321e
  React-cxxreact: b07535295fd2c773a681f09d87dcba342e46dc7d
  React-hermes: 05a55bdc1b6887fdaf7a871f59728a007ddee30b
  React-jsi: baa181d7aa5867d5438f7969a257846cd7a97559
  React-jsiexecutor: be588b7abbea4f1d03840bc675d68d99380e5bf3
  React-jsinspector: bd839d6c2c28e49fe1373f055735d2abecbd6cf3
  React-logger: 48d82b9be8e44d86668de4453fdb60255516388b
  react-native-background-timer: 17ea5e06803401a379ebf1f20505b793ac44d0fe
  react-native-camera: f432fcf1b32b528bbf7c3543d3e3b1deb0c5b72a
  react-native-cameraroll: 2957f2bce63ae896a848fbe0d5352c1bd4d20866
  react-native-document-picker: f68191637788994baed5f57d12994aa32cf8bf88
  react-native-fingerprint-scanner: ac6656f18c8e45a7459302b84da41a44ad96dbbe
  react-native-netinfo: e849fc21ca2f4128a5726c801a82fc6f4a6db50d
  react-native-randombytes: 421f1c7d48c0af8dbcd471b0324393ebf8fe7846
  react-native-safe-area-context: 584dc04881deb49474363f3be89e4ca0e854c057
  react-native-shake: 41a1ea8ec541fccf3f01566edef8d3cb722b00e3
  react-native-splash-screen: 200d11d188e2e78cea3ad319964f6142b6384865
  react-native-webview: d33e2db8925d090871ffeb232dfa50cb3a727581
  React-perflogger: 77947e49d84e31eb87d454d4ef327542dcfeaebc
  React-RCTActionSheet: 9f5fd6c1666c1a834ab7f45a452ed08b1de44eb8
  React-RCTAnimation: 6fd3db6ca387c8432fd6a26428e940a081bcb476
  React-RCTBlob: 43ff9a00ea606c911c14da74a5bd0a07b54d0c34
  React-RCTImage: 10ef13883116c1fd67ec3229d96556893771f747
  React-RCTLinking: ff75f970da9e1b0491cfe642f34d8a1ab5338715
  React-RCTNetwork: 0528cb19329a0764061ec053c4e3ab8a52ad8741
  React-RCTSettings: 26ef15ef3a9019fc09f4f8264f5ca79bf4dfc6de
  React-RCTText: 4eeb0a8afd28d691f0bd4c104bf3234d79c78b0c
  React-RCTVibration: 5499b77c0fd57f346a5f0b36bb79fdb020d17d3e
  React-runtimeexecutor: 80c195ffcafb190f531fdc849dc2d19cb4bb2b34
  ReactCommon: de55f940495d7bf87b5d7bf55b5b15cdd50d7d7b
  ReactNativeART: 78edc68dd4a1e675338cd0cd113319cf3a65f2ab
  ReactNativeKeyboardTrackingView: 02137fac3b2ebd330d74fa54ead48b14750a2306
  RNCAsyncStorage: e8b8d6320a0dd90eb610fb0d0b1ef90596697c69
  RNDeviceInfo: a9601119924a67d2479d3facf04cec7b658f44ed
  RNFS: 4ac0f0ea233904cb798630b3c077808c06931688
  RNGestureHandler: a479ebd5ed4221a810967000735517df0d2db211
  RNKeychain: b8e0711b959a19c5b057d1e970d3c83d159b6da5
  RNOpenAppSettings: 1169b90a275e9e18c5973e1608949f97d426e7f3
  RNOS: 6f2f9a70895bbbfbdad7196abd952e7b01d45027
  RNPermissions: 4c8a37b4dde50f1f152bf8cd08c4a43d2355829e
  RNReactNativeHapticFeedback: 653a8c126a0f5e88ce15ffe280b3ff37e1fbb285
  RNScreens: f7ad633b2e0190b77b6a7aab7f914fad6f198d8d
  RNShare: 2e8e9dadea058057642a9351ca2878867ad4ad5c
  RNSVG: ce9d996113475209013317e48b05c21ee988d42e
  RNVectorIcons: 31cebfcf94e8cf8686eb5303ae0357da64d7a5a4
  SocketRocket: fccef3f9c5cedea1353a9ef6ada904fde10d6608
  Yoga: 82c9e8f652789f67d98bed5aef9d6653f71b04a9
  YogaKit: f782866e155069a2cca2517aafea43200b01fd5a

PODFILE CHECKSUM: acdd42976e26ce20d460fe1f61c9a927c5e24b87

COCOAPODS: 1.11.3
